// !$*UTF8*$!
{
	archiveVersion = 1;
	classes = {
	};
	objectVersion = 46;
	objects = {

/* Begin PBXBuildFile section */
		FD2974AD1E34E73C00BA1441 /* AppDelegate.swift in Sources */ = {isa = PBXBuildFile; fileRef = FD2974AC1E34E73C00BA1441 /* AppDelegate.swift */; };
		FD2974AF1E34E73C00BA1441 /* FaceViewController.swift in Sources */ = {isa = PBXBuildFile; fileRef = FD2974AE1E34E73C00BA1441 /* FaceViewController.swift */; };
		FD2974B21E34E73C00BA1441 /* Main.storyboard in Resources */ = {isa = PBXBuildFile; fileRef = FD2974B01E34E73C00BA1441 /* Main.storyboard */; };
		FD2974B41E34E73C00BA1441 /* Assets.xcassets in Resources */ = {isa = PBXBuildFile; fileRef = FD2974B31E34E73C00BA1441 /* Assets.xcassets */; };
		FD2974B71E34E73C00BA1441 /* LaunchScreen.storyboard in Resources */ = {isa = PBXBuildFile; fileRef = FD2974B51E34E73C00BA1441 /* LaunchScreen.storyboard */; };
		FD2974BF1E34E7C100BA1441 /* FaceView.swift in Sources */ = {isa = PBXBuildFile; fileRef = FD2974BE1E34E7C100BA1441 /* FaceView.swift */; };
/* End PBXBuildFile section */

/* Begin PBXFileReference section */
		FD2974A91E34E73C00BA1441 /* Views.app */ = {isa = PBXFileReference; explicitFileType = wrapper.application; includeInIndex = 0; path = Views.app; sourceTree = BUILT_PRODUCTS_DIR; };
		FD2974AC1E34E73C00BA1441 /* AppDelegate.swift */ = {isa = PBXFileReference; lastKnownFileType = sourcecode.swift; path = AppDelegate.swift; sourceTree = "<group>"; };
		FD2974AE1E34E73C00BA1441 /* FaceViewController.swift */ = {isa = PBXFileReference; lastKnownFileType = sourcecode.swift; path = FaceViewController.swift; sourceTree = "<group>"; };
		FD2974B11E34E73C00BA1441 /* Base */ = {isa = PBXFileReference; lastKnownFileType = file.storyboard; name = Base; path = Base.lproj/Main.storyboard; sourceTree = "<group>"; };
		FD2974B31E34E73C00BA1441 /* Assets.xcassets */ = {isa = PBXFileReference; lastKnownFileType = folder.assetcatalog; path = Assets.xcassets; sourceTree = "<group>"; };
		FD2974B61E34E73C00BA1441 /* Base */ = {isa = PBXFileReference; lastKnownFileType = file.storyboard; name = Base; path = Base.lproj/LaunchScreen.storyboard; sourceTree = "<group>"; };
		FD2974B81E34E73C00BA1441 /* Info.plist */ = {isa = PBXFileReference; lastKnownFileType = text.plist.xml; path = Info.plist; sourceTree = "<group>"; };
		FD2974BE1E34E7C100BA1441 /* FaceView.swift */ = {isa = PBXFileReference; fileEncoding = 4; lastKnownFileType = sourcecode.swift; path = FaceView.swift; sourceTree = "<group>"; };
/* End PBXFileReference section */

/* Begin PBXFrameworksBuildPhase section */
		FD2974A61E34E73C00BA1441 /* Frameworks */ = {
			isa = PBXFrameworksBuildPhase;
			buildActionMask = 2147483647;
			files = (
			);
			runOnlyForDeploymentPostprocessing = 0;
		};
/* End PBXFrameworksBuildPhase section */

/* Begin PBXGroup section */
		FD2974A01E34E73C00BA1441 = {
			isa = PBXGroup;
			children = (
				FD2974AB1E34E73C00BA1441 /* Views */,
				FD2974AA1E34E73C00BA1441 /* Products */,
			);
			sourceTree = "<group>";
		};
		FD2974AA1E34E73C00BA1441 /* Products */ = {
			isa = PBXGroup;
			children = (
				FD2974A91E34E73C00BA1441 /* Views.app */,
			);
			name = Products;
			sourceTree = "<group>";
		};
		FD2974AB1E34E73C00BA1441 /* Views */ = {
			isa = PBXGroup;
			children = (
				FD2974AC1E34E73C00BA1441 /* AppDelegate.swift */,
				FD2974AE1E34E73C00BA1441 /* FaceViewController.swift */,
				FD2974B01E34E73C00BA1441 /* Main.storyboard */,
				FD2974B31E34E73C00BA1441 /* Assets.xcassets */,
				FD2974B51E34E73C00BA1441 /* LaunchScreen.storyboard */,
				FD2974B81E34E73C00BA1441 /* Info.plist */,
				FD2974BE1E34E7C100BA1441 /* FaceView.swift */,
			);
			path = Views;
			sourceTree = "<group>";
		};
/* End PBXGroup section */

/* Begin PBXNativeTarget section */
		FD2974A81E34E73C00BA1441 /* Views */ = {
			isa = PBXNativeTarget;
			buildConfigurationList = FD2974BB1E34E73C00BA1441 /* Build configuration list for PBXNativeTarget "Views" */;
			buildPhases = (
				FD2974A51E34E73C00BA1441 /* Sources */,
				FD2974A61E34E73C00BA1441 /* Frameworks */,
				FD2974A71E34E73C00BA1441 /* Resources */,
			);
			buildRules = (
			);
			dependencies = (
			);
			name = Views;
			productName = Views;
			productReference = FD2974A91E34E73C00BA1441 /* Views.app */;
			productType = "com.apple.product-type.application";
		};
/* End PBXNativeTarget section */

/* Begin PBXProject section */
		FD2974A11E34E73C00BA1441 /* Project object */ = {
			isa = PBXProject;
			attributes = {
				LastSwiftUpdateCheck = 0820;
				LastUpgradeCheck = 0820;
				ORGANIZATIONNAME = YYang;
				TargetAttributes = {
					FD2974A81E34E73C00BA1441 = {
						CreatedOnToolsVersion = 8.2.1;
						DevelopmentTeam = N25J7WB4F8;
						ProvisioningStyle = Automatic;
					};
				};
			};
			buildConfigurationList = FD2974A41E34E73C00BA1441 /* Build configuration list for PBXProject "Views" */;
			compatibilityVersion = "Xcode 3.2";
			developmentRegion = English;
			hasScannedForEncodings = 0;
			knownRegions = (
				en,
				Base,
			);
			mainGroup = FD2974A01E34E73C00BA1441;
			productRefGroup = FD2974AA1E34E73C00BA1441 /* Products */;
			projectDirPath = "";
			projectRoot = "";
			targets = (
				FD2974A81E34E73C00BA1441 /* Views */,
			);
		};
/* End PBXProject section */

/* Begin PBXResourcesBuildPhase section */
		FD2974A71E34E73C00BA1441 /* Resources */ = {
			isa = PBXResourcesBuildPhase;
			buildActionMask = 2147483647;
			files = (
				FD2974B71E34E73C00BA1441 /* LaunchScreen.storyboard in Resources */,
				FD2974B41E34E73C00BA1441 /* Assets.xcassets in Resources */,
				FD2974B21E34E73C00BA1441 /* Main.storyboard in Resources */,
			);
			runOnlyForDeploymentPostprocessing = 0;
		};
/* End PBXResourcesBuildPhase section */

/* Begin PBXSourcesBuildPhase section */
		FD2974A51E34E73C00BA1441 /* Sources */ = {
			isa = PBXSourcesBuildPhase;
			buildActionMask = 2147483647;
			files = (
				FD2974AF1E34E73C00BA1441 /* FaceViewController.swift in Sources */,
				FD2974AD1E34E73C00BA1441 /* AppDelegate.swift in Sources */,
				FD2974BF1E34E7C100BA1441 /* FaceView.swift in Sources */,
			);
			runOnlyForDeploymentPostprocessing = 0;
		};
/* End PBXSourcesBuildPhase section */

/* Begin PBXVariantGroup section */
		FD2974B01E34E73C00BA1441 /* Main.storyboard */ = {
			isa = PBXVariantGroup;
			children = (
				FD2974B11E34E73C00BA1441 /* Base */,
			);
			name = Main.storyboard;
			sourceTree = "<group>";
		};
		FD2974B51E34E73C00BA1441 /* LaunchScreen.storyboard */ = {
			isa = PBXVariantGroup;
			children = (
				FD2974B61E34E73C00BA1441 /* Base */,
			);
			name = LaunchScreen.storyboard;
			sourceTree = "<group>";
		};
/* End PBXVariantGroup section */

/* Begin XCBuildConfiguration section */
		FD2974B91E34E73C00BA1441 /* Debug */ = {
			isa = XCBuildConfiguration;
			buildSettings = {
				ALWAYS_SEARCH_USER_PATHS = NO;
				CLANG_ANALYZER_NONNULL = YES;
				CLANG_CXX_LANGUAGE_STANDARD = "gnu++0x";
				CLANG_CXX_LIBRARY = "libc++";
				CLANG_ENABLE_MODULES = YES;
				CLANG_ENABLE_OBJC_ARC = YES;
				CLANG_WARN_BOOL_CONVERSION = YES;
				CLANG_WARN_CONSTANT_CONVERSION = YES;
				CLANG_WARN_DIRECT_OBJC_ISA_USAGE = YES_ERROR;
				CLANG_WARN_DOCUMENTATION_COMMENTS = YES;
				CLANG_WARN_EMPTY_BODY = YES;
				CLANG_WARN_ENUM_CONVERSION = YES;
				CLANG_WARN_INFINITE_RECURSION = YES;
				CLANG_WARN_INT_CONVERSION = YES;
				CLANG_WARN_OBJC_ROOT_CLASS = YES_ERROR;
				CLANG_WARN_SUSPICIOUS_MOVE = YES;
				CLANG_WARN_UNREACHABLE_CODE = YES;
				CLANG_WARN__DUPLICATE_METHOD_MATCH = YES;
				"CODE_SIGN_IDENTITY[sdk=iphoneos*]" = "iPhone Developer";
				COPY_PHASE_STRIP = NO;
				DEBUG_INFORMATION_FORMAT = dwarf;
				ENABLE_STRICT_OBJC_MSGSEND = YES;
				ENABLE_TESTABILITY = YES;
				GCC_C_LANGUAGE_STANDARD = gnu99;
				GCC_DYNAMIC_NO_PIC = NO;
				GCC_NO_COMMON_BLOCKS = YES;
				GCC_OPTIMIZATION_LEVEL = 0;
				GCC_PREPROCESSOR_DEFINITIONS = (
					"DEBUG=1",
					"$(inherited)",
				);
				GCC_WARN_64_TO_32_BIT_CONVERSION = YES;
				GCC_WARN_ABOUT_RETURN_TYPE = YES_ERROR;
				GCC_WARN_UNDECLARED_SELECTOR = YES;
				GCC_WARN_UNINITIALIZED_AUTOS = YES_AGGRESSIVE;
				GCC_WARN_UNUSED_FUNCTION = YES;
				GCC_WARN_UNUSED_VARIABLE = YES;
				IPHONEOS_DEPLOYMENT_TARGET = 10.2;
				MTL_ENABLE_DEBUG_INFO = YES;
				ONLY_ACTIVE_ARCH = YES;
				SDKROOT = iphoneos;
				SWIFT_ACTIVE_COMPILATION_CONDITIONS = DEBUG;
				SWIFT_OPTIMIZATION_LEVEL = "-Onone";
			};
			name = Debug;
		};
		FD2974BA1E34E73C00BA1441 /* Release */ = {
			isa = XCBuildConfiguration;
			buildSettings = {
				ALWAYS_SEARCH_USER_PATHS = NO;
				CLANG_ANALYZER_NONNULL = YES;
				CLANG_CXX_LANGUAGE_STANDARD = "gnu++0x";
				CLANG_CXX_LIBRARY = "libc++";
				CLANG_ENABLE_MODULES = YES;
				CLANG_ENABLE_OBJC_ARC = YES;
				CLANG_WARN_BOOL_CONVERSION = YES;
				CLANG_WARN_CONSTANT_CONVERSION = YES;
				CLANG_WARN_DIRECT_OBJC_ISA_USAGE = YES_ERROR;
				CLANG_WARN_DOCUMENTATION_COMMENTS = YES;
				CLANG_WARN_EMPTY_BODY = YES;
				CLANG_WARN_ENUM_CONVERSION = YES;
				CLANG_WARN_INFINITE_RECURSION = YES;
				CLANG_WARN_INT_CONVERSION = YES;
				CLANG_WARN_OBJC_ROOT_CLASS = YES_ERROR;
				CLANG_WARN_SUSPICIOUS_MOVE = YES;
				CLANG_WARN_UNREACHABLE_CODE = YES;
				CLANG_WARN__DUPLICATE_METHOD_MATCH = YES;
				"CODE_SIGN_IDENTITY[sdk=iphoneos*]" = "iPhone Developer";
				COPY_PHASE_STRIP = NO;
				DEBUG_INFORMATION_FORMAT = "dwarf-with-dsym";
				ENABLE_NS_ASSERTIONS = NO;
				ENABLE_STRICT_OBJC_MSGSEND = YES;
				GCC_C_LANGUAGE_STANDARD = gnu99;
				GCC_NO_COMMON_BLOCKS = YES;
				GCC_WARN_64_TO_32_BIT_CONVERSION = YES;
				GCC_WARN_ABOUT_RETURN_TYPE = YES_ERROR;
				GCC_WARN_UNDECLARED_SELECTOR = YES;
				GCC_WARN_UNINITIALIZED_AUTOS = YES_AGGRESSIVE;
				GCC_WARN_UNUSED_FUNCTION = YES;
				GCC_WARN_UNUSED_VARIABLE = YES;
				IPHONEOS_DEPLOYMENT_TARGET = 10.2;
				MTL_ENABLE_DEBUG_INFO = NO;
				SDKROOT = iphoneos;
				SWIFT_OPTIMIZATION_LEVEL = "-Owholemodule";
				VALIDATE_PRODUCT = YES;
			};
			name = Release;
		};
		FD2974BC1E34E73C00BA1441 /* Debug */ = {
			isa = XCBuildConfiguration;
			buildSettings = {
				ASSETCATALOG_COMPILER_APPICON_NAME = AppIcon;
				DEVELOPMENT_TEAM = N25J7WB4F8;
				INFOPLIST_FILE = Views/Info.plist;
				LD_RUNPATH_SEARCH_PATHS = "$(inherited) @executable_path/Frameworks";
				PRODUCT_BUNDLE_IDENTIFIER = YY.Views;
				PRODUCT_NAME = "$(TARGET_NAME)";
				SWIFT_VERSION = 3.0;
			};
			name = Debug;
		};
		FD2974BD1E34E73C00BA1441 /* Release */ = {
			isa = XCBuildConfiguration;
			buildSettings = {
				ASSETCATALOG_COMPILER_APPICON_NAME = AppIcon;
				DEVELOPMENT_TEAM = N25J7WB4F8;
				INFOPLIST_FILE = Views/Info.plist;
				LD_RUNPATH_SEARCH_PATHS = "$(inherited) @executable_path/Frameworks";
				PRODUCT_BUNDLE_IDENTIFIER = YY.Views;
				PRODUCT_NAME = "$(TARGET_NAME)";
				SWIFT_VERSION = 3.0;
			};
			name = Release;
		};
/* End XCBuildConfiguration section */

/* Begin XCConfigurationList section */
		FD2974A41E34E73C00BA1441 /* Build configuration list for PBXProject "Views" */ = {
			isa = XCConfigurationList;
			buildConfigurations = (
				FD2974B91E34E73C00BA1441 /* Debug */,
				FD2974BA1E34E73C00BA1441 /* Release */,
			);
			defaultConfigurationIsVisible = 0;
			defaultConfigurationName = Release;
		};
		FD2974BB1E34E73C00BA1441 /* Build configuration list for PBXNativeTarget "Views" */ = {
			isa = XCConfigurationList;
			buildConfigurations = (
				FD2974BC1E34E73C00BA1441 /* Debug */,
				FD2974BD1E34E73C00BA1441 /* Release */,
			);
			defaultConfigurationIsVisible = 0;
		};
/* End XCConfigurationList section */
	};
	rootObject = FD2974A11E34E73C00BA1441 /* Project object */;
}
