// !$*UTF8*$!
{
	archiveVersion = 1;
	classes = {
	};
	objectVersion = 46;
	objects = {

/* Begin PBXBuildFile section */
		40907E2A1CA8C0C500CAB5AC /* AppDelegate.swift in Sources */ = {isa = PBXBuildFile; fileRef = 40907E291CA8C0C500CAB5AC /* AppDelegate.swift */; };
		40907E2C1CA8C0C500CAB5AC /* ViewController.swift in Sources */ = {isa = PBXBuildFile; fileRef = 40907E2B1CA8C0C500CAB5AC /* ViewController.swift */; };
		40907E2F1CA8C0C500CAB5AC /* Main.storyboard in Resources */ = {isa = PBXBuildFile; fileRef = 40907E2D1CA8C0C500CAB5AC /* Main.storyboard */; };
		40907E311CA8C0C500CAB5AC /* Assets.xcassets in Resources */ = {isa = PBXBuildFile; fileRef = 40907E301CA8C0C500CAB5AC /* Assets.xcassets */; };
		40907E341CA8C0C500CAB5AC /* LaunchScreen.storyboard in Resources */ = {isa = PBXBuildFile; fileRef = 40907E321CA8C0C500CAB5AC /* LaunchScreen.storyboard */; };
		40907E3C1CA8EAA200CAB5AC /* BullsEyeGame.swift in Sources */ = {isa = PBXBuildFile; fileRef = 40907E3B1CA8EAA200CAB5AC /* BullsEyeGame.swift */; };
		FDD25DCE21B356A20084DFE5 /* BullsEyeTests.swift in Sources */ = {isa = PBXBuildFile; fileRef = FDD25DCD21B356A20084DFE5 /* BullsEyeTests.swift */; };
		FDD25DF021B391520084DFE5 /* BullsEyeMockTests.swift in Sources */ = {isa = PBXBuildFile; fileRef = FDD25DEF21B391520084DFE5 /* BullsEyeMockTests.swift */; };
		FDD25DFE21B393290084DFE5 /* BullsEyeUITests.swift in Sources */ = {isa = PBXBuildFile; fileRef = FDD25DFD21B393290084DFE5 /* BullsEyeUITests.swift */; };
/* End PBXBuildFile section */

/* Begin PBXContainerItemProxy section */
		FDD25DD021B356A20084DFE5 /* PBXContainerItemProxy */ = {
			isa = PBXContainerItemProxy;
			containerPortal = 40907E1E1CA8C0C500CAB5AC /* Project object */;
			proxyType = 1;
			remoteGlobalIDString = 40907E251CA8C0C500CAB5AC;
			remoteInfo = BullsEye;
		};
		FDD25DF221B391520084DFE5 /* PBXContainerItemProxy */ = {
			isa = PBXContainerItemProxy;
			containerPortal = 40907E1E1CA8C0C500CAB5AC /* Project object */;
			proxyType = 1;
			remoteGlobalIDString = 40907E251CA8C0C500CAB5AC;
			remoteInfo = BullsEye;
		};
		FDD25E0021B393290084DFE5 /* PBXContainerItemProxy */ = {
			isa = PBXContainerItemProxy;
			containerPortal = 40907E1E1CA8C0C500CAB5AC /* Project object */;
			proxyType = 1;
			remoteGlobalIDString = 40907E251CA8C0C500CAB5AC;
			remoteInfo = BullsEye;
		};
/* End PBXContainerItemProxy section */

/* Begin PBXFileReference section */
		40907E261CA8C0C500CAB5AC /* BullsEye.app */ = {isa = PBXFileReference; explicitFileType = wrapper.application; includeInIndex = 0; path = BullsEye.app; sourceTree = BUILT_PRODUCTS_DIR; };
		40907E291CA8C0C500CAB5AC /* AppDelegate.swift */ = {isa = PBXFileReference; lastKnownFileType = sourcecode.swift; path = AppDelegate.swift; sourceTree = "<group>"; };
		40907E2B1CA8C0C500CAB5AC /* ViewController.swift */ = {isa = PBXFileReference; lastKnownFileType = sourcecode.swift; path = ViewController.swift; sourceTree = "<group>"; };
		40907E2E1CA8C0C500CAB5AC /* Base */ = {isa = PBXFileReference; lastKnownFileType = file.storyboard; name = Base; path = Base.lproj/Main.storyboard; sourceTree = "<group>"; };
		40907E301CA8C0C500CAB5AC /* Assets.xcassets */ = {isa = PBXFileReference; lastKnownFileType = folder.assetcatalog; path = Assets.xcassets; sourceTree = "<group>"; };
		40907E331CA8C0C500CAB5AC /* Base */ = {isa = PBXFileReference; lastKnownFileType = file.storyboard; name = Base; path = Base.lproj/LaunchScreen.storyboard; sourceTree = "<group>"; };
		40907E351CA8C0C500CAB5AC /* Info.plist */ = {isa = PBXFileReference; lastKnownFileType = text.plist.xml; path = Info.plist; sourceTree = "<group>"; };
		40907E3B1CA8EAA200CAB5AC /* BullsEyeGame.swift */ = {isa = PBXFileReference; fileEncoding = 4; lastKnownFileType = sourcecode.swift; path = BullsEyeGame.swift; sourceTree = "<group>"; };
		FDD25DCB21B356A10084DFE5 /* BullsEyeTests.xctest */ = {isa = PBXFileReference; explicitFileType = wrapper.cfbundle; includeInIndex = 0; path = BullsEyeTests.xctest; sourceTree = BUILT_PRODUCTS_DIR; };
		FDD25DCD21B356A20084DFE5 /* BullsEyeTests.swift */ = {isa = PBXFileReference; lastKnownFileType = sourcecode.swift; path = BullsEyeTests.swift; sourceTree = "<group>"; };
		FDD25DCF21B356A20084DFE5 /* Info.plist */ = {isa = PBXFileReference; lastKnownFileType = text.plist.xml; path = Info.plist; sourceTree = "<group>"; };
		FDD25DED21B391520084DFE5 /* BullsEyeMockTests.xctest */ = {isa = PBXFileReference; explicitFileType = wrapper.cfbundle; includeInIndex = 0; path = BullsEyeMockTests.xctest; sourceTree = BUILT_PRODUCTS_DIR; };
		FDD25DEF21B391520084DFE5 /* BullsEyeMockTests.swift */ = {isa = PBXFileReference; lastKnownFileType = sourcecode.swift; path = BullsEyeMockTests.swift; sourceTree = "<group>"; };
		FDD25DF121B391520084DFE5 /* Info.plist */ = {isa = PBXFileReference; lastKnownFileType = text.plist.xml; path = Info.plist; sourceTree = "<group>"; };
		FDD25DFB21B393290084DFE5 /* BullsEyeUITests.xctest */ = {isa = PBXFileReference; explicitFileType = wrapper.cfbundle; includeInIndex = 0; path = BullsEyeUITests.xctest; sourceTree = BUILT_PRODUCTS_DIR; };
		FDD25DFD21B393290084DFE5 /* BullsEyeUITests.swift */ = {isa = PBXFileReference; lastKnownFileType = sourcecode.swift; path = BullsEyeUITests.swift; sourceTree = "<group>"; };
		FDD25DFF21B393290084DFE5 /* Info.plist */ = {isa = PBXFileReference; lastKnownFileType = text.plist.xml; path = Info.plist; sourceTree = "<group>"; };
/* End PBXFileReference section */

/* Begin PBXFrameworksBuildPhase section */
		40907E231CA8C0C500CAB5AC /* Frameworks */ = {
			isa = PBXFrameworksBuildPhase;
			buildActionMask = 2147483647;
			files = (
			);
			runOnlyForDeploymentPostprocessing = 0;
		};
		FDD25DC821B356A10084DFE5 /* Frameworks */ = {
			isa = PBXFrameworksBuildPhase;
			buildActionMask = 2147483647;
			files = (
			);
			runOnlyForDeploymentPostprocessing = 0;
		};
		FDD25DEA21B391520084DFE5 /* Frameworks */ = {
			isa = PBXFrameworksBuildPhase;
			buildActionMask = 2147483647;
			files = (
			);
			runOnlyForDeploymentPostprocessing = 0;
		};
		FDD25DF821B393290084DFE5 /* Frameworks */ = {
			isa = PBXFrameworksBuildPhase;
			buildActionMask = 2147483647;
			files = (
			);
			runOnlyForDeploymentPostprocessing = 0;
		};
/* End PBXFrameworksBuildPhase section */

/* Begin PBXGroup section */
		40907E1D1CA8C0C500CAB5AC = {
			isa = PBXGroup;
			children = (
				40907E281CA8C0C500CAB5AC /* BullsEye */,
				FDD25DCC21B356A10084DFE5 /* BullsEyeTests */,
				FDD25DEE21B391520084DFE5 /* BullsEyeMockTests */,
				FDD25DFC21B393290084DFE5 /* BullsEyeUITests */,
				40907E271CA8C0C500CAB5AC /* Products */,
			);
			sourceTree = "<group>";
		};
		40907E271CA8C0C500CAB5AC /* Products */ = {
			isa = PBXGroup;
			children = (
				40907E261CA8C0C500CAB5AC /* BullsEye.app */,
				FDD25DCB21B356A10084DFE5 /* BullsEyeTests.xctest */,
				FDD25DED21B391520084DFE5 /* BullsEyeMockTests.xctest */,
				FDD25DFB21B393290084DFE5 /* BullsEyeUITests.xctest */,
			);
			name = Products;
			sourceTree = "<group>";
		};
		40907E281CA8C0C500CAB5AC /* BullsEye */ = {
			isa = PBXGroup;
			children = (
				40907E291CA8C0C500CAB5AC /* AppDelegate.swift */,
				40907E3B1CA8EAA200CAB5AC /* BullsEyeGame.swift */,
				40907E2B1CA8C0C500CAB5AC /* ViewController.swift */,
				40907E2D1CA8C0C500CAB5AC /* Main.storyboard */,
				40907E301CA8C0C500CAB5AC /* Assets.xcassets */,
				40907E321CA8C0C500CAB5AC /* LaunchScreen.storyboard */,
				40907E351CA8C0C500CAB5AC /* Info.plist */,
			);
			path = BullsEye;
			sourceTree = "<group>";
		};
		FDD25DCC21B356A10084DFE5 /* BullsEyeTests */ = {
			isa = PBXGroup;
			children = (
				FDD25DCD21B356A20084DFE5 /* BullsEyeTests.swift */,
				FDD25DCF21B356A20084DFE5 /* Info.plist */,
			);
			path = BullsEyeTests;
			sourceTree = "<group>";
		};
		FDD25DEE21B391520084DFE5 /* BullsEyeMockTests */ = {
			isa = PBXGroup;
			children = (
				FDD25DEF21B391520084DFE5 /* BullsEyeMockTests.swift */,
				FDD25DF121B391520084DFE5 /* Info.plist */,
			);
			path = BullsEyeMockTests;
			sourceTree = "<group>";
		};
		FDD25DFC21B393290084DFE5 /* BullsEyeUITests */ = {
			isa = PBXGroup;
			children = (
				FDD25DFD21B393290084DFE5 /* BullsEyeUITests.swift */,
				FDD25DFF21B393290084DFE5 /* Info.plist */,
			);
			path = BullsEyeUITests;
			sourceTree = "<group>";
		};
/* End PBXGroup section */

/* Begin PBXNativeTarget section */
		40907E251CA8C0C500CAB5AC /* BullsEye */ = {
			isa = PBXNativeTarget;
			buildConfigurationList = 40907E381CA8C0C500CAB5AC /* Build configuration list for PBXNativeTarget "BullsEye" */;
			buildPhases = (
				40907E221CA8C0C500CAB5AC /* Sources */,
				40907E231CA8C0C500CAB5AC /* Frameworks */,
				40907E241CA8C0C500CAB5AC /* Resources */,
			);
			buildRules = (
			);
			dependencies = (
			);
			name = BullsEye;
			productName = BullsEye;
			productReference = 40907E261CA8C0C500CAB5AC /* BullsEye.app */;
			productType = "com.apple.product-type.application";
		};
		FDD25DCA21B356A10084DFE5 /* BullsEyeTests */ = {
			isa = PBXNativeTarget;
			buildConfigurationList = FDD25DD421B356A20084DFE5 /* Build configuration list for PBXNativeTarget "BullsEyeTests" */;
			buildPhases = (
				FDD25DC721B356A10084DFE5 /* Sources */,
				FDD25DC821B356A10084DFE5 /* Frameworks */,
				FDD25DC921B356A10084DFE5 /* Resources */,
			);
			buildRules = (
			);
			dependencies = (
				FDD25DD121B356A20084DFE5 /* PBXTargetDependency */,
			);
			name = BullsEyeTests;
			productName = BullsEyeTests;
			productReference = FDD25DCB21B356A10084DFE5 /* BullsEyeTests.xctest */;
			productType = "com.apple.product-type.bundle.unit-test";
		};
		FDD25DEC21B391520084DFE5 /* BullsEyeMockTests */ = {
			isa = PBXNativeTarget;
			buildConfigurationList = FDD25DF621B391520084DFE5 /* Build configuration list for PBXNativeTarget "BullsEyeMockTests" */;
			buildPhases = (
				FDD25DE921B391520084DFE5 /* Sources */,
				FDD25DEA21B391520084DFE5 /* Frameworks */,
				FDD25DEB21B391520084DFE5 /* Resources */,
			);
			buildRules = (
			);
			dependencies = (
				FDD25DF321B391520084DFE5 /* PBXTargetDependency */,
			);
			name = BullsEyeMockTests;
			productName = BullsEyeMockTests;
			productReference = FDD25DED21B391520084DFE5 /* BullsEyeMockTests.xctest */;
			productType = "com.apple.product-type.bundle.unit-test";
		};
		FDD25DFA21B393290084DFE5 /* BullsEyeUITests */ = {
			isa = PBXNativeTarget;
			buildConfigurationList = FDD25E0221B393290084DFE5 /* Build configuration list for PBXNativeTarget "BullsEyeUITests" */;
			buildPhases = (
				FDD25DF721B393290084DFE5 /* Sources */,
				FDD25DF821B393290084DFE5 /* Frameworks */,
				FDD25DF921B393290084DFE5 /* Resources */,
			);
			buildRules = (
			);
			dependencies = (
				FDD25E0121B393290084DFE5 /* PBXTargetDependency */,
			);
			name = BullsEyeUITests;
			productName = BullsEyeUITests;
			productReference = FDD25DFB21B393290084DFE5 /* BullsEyeUITests.xctest */;
			productType = "com.apple.product-type.bundle.ui-testing";
		};
/* End PBXNativeTarget section */

/* Begin PBXProject section */
		40907E1E1CA8C0C500CAB5AC /* Project object */ = {
			isa = PBXProject;
			attributes = {
				LastSwiftUpdateCheck = 1010;
				LastUpgradeCheck = 0810;
				ORGANIZATIONNAME = "Ray Wenderlich";
				TargetAttributes = {
					40907E251CA8C0C500CAB5AC = {
						CreatedOnToolsVersion = 7.3;
						LastSwiftMigration = 0810;
					};
					FDD25DCA21B356A10084DFE5 = {
						CreatedOnToolsVersion = 10.1;
						ProvisioningStyle = Automatic;
						TestTargetID = 40907E251CA8C0C500CAB5AC;
					};
					FDD25DEC21B391520084DFE5 = {
						CreatedOnToolsVersion = 10.1;
						ProvisioningStyle = Automatic;
						TestTargetID = 40907E251CA8C0C500CAB5AC;
					};
					FDD25DFA21B393290084DFE5 = {
						CreatedOnToolsVersion = 10.1;
						ProvisioningStyle = Automatic;
						TestTargetID = 40907E251CA8C0C500CAB5AC;
					};
				};
			};
			buildConfigurationList = 40907E211CA8C0C500CAB5AC /* Build configuration list for PBXProject "BullsEye" */;
			compatibilityVersion = "Xcode 3.2";
			developmentRegion = English;
			hasScannedForEncodings = 0;
			knownRegions = (
				en,
				Base,
			);
			mainGroup = 40907E1D1CA8C0C500CAB5AC;
			productRefGroup = 40907E271CA8C0C500CAB5AC /* Products */;
			projectDirPath = "";
			projectRoot = "";
			targets = (
				40907E251CA8C0C500CAB5AC /* BullsEye */,
				FDD25DCA21B356A10084DFE5 /* BullsEyeTests */,
				FDD25DEC21B391520084DFE5 /* BullsEyeMockTests */,
				FDD25DFA21B393290084DFE5 /* BullsEyeUITests */,
			);
		};
/* End PBXProject section */

/* Begin PBXResourcesBuildPhase section */
		40907E241CA8C0C500CAB5AC /* Resources */ = {
			isa = PBXResourcesBuildPhase;
			buildActionMask = 2147483647;
			files = (
				40907E341CA8C0C500CAB5AC /* LaunchScreen.storyboard in Resources */,
				40907E311CA8C0C500CAB5AC /* Assets.xcassets in Resources */,
				40907E2F1CA8C0C500CAB5AC /* Main.storyboard in Resources */,
			);
			runOnlyForDeploymentPostprocessing = 0;
		};
		FDD25DC921B356A10084DFE5 /* Resources */ = {
			isa = PBXResourcesBuildPhase;
			buildActionMask = 2147483647;
			files = (
			);
			runOnlyForDeploymentPostprocessing = 0;
		};
		FDD25DEB21B391520084DFE5 /* Resources */ = {
			isa = PBXResourcesBuildPhase;
			buildActionMask = 2147483647;
			files = (
			);
			runOnlyForDeploymentPostprocessing = 0;
		};
		FDD25DF921B393290084DFE5 /* Resources */ = {
			isa = PBXResourcesBuildPhase;
			buildActionMask = 2147483647;
			files = (
			);
			runOnlyForDeploymentPostprocessing = 0;
		};
/* End PBXResourcesBuildPhase section */

/* Begin PBXSourcesBuildPhase section */
		40907E221CA8C0C500CAB5AC /* Sources */ = {
			isa = PBXSourcesBuildPhase;
			buildActionMask = 2147483647;
			files = (
				40907E2C1CA8C0C500CAB5AC /* ViewController.swift in Sources */,
				40907E2A1CA8C0C500CAB5AC /* AppDelegate.swift in Sources */,
				40907E3C1CA8EAA200CAB5AC /* BullsEyeGame.swift in Sources */,
			);
			runOnlyForDeploymentPostprocessing = 0;
		};
		FDD25DC721B356A10084DFE5 /* Sources */ = {
			isa = PBXSourcesBuildPhase;
			buildActionMask = 2147483647;
			files = (
				FDD25DCE21B356A20084DFE5 /* BullsEyeTests.swift in Sources */,
			);
			runOnlyForDeploymentPostprocessing = 0;
		};
		FDD25DE921B391520084DFE5 /* Sources */ = {
			isa = PBXSourcesBuildPhase;
			buildActionMask = 2147483647;
			files = (
				FDD25DF021B391520084DFE5 /* BullsEyeMockTests.swift in Sources */,
			);
			runOnlyForDeploymentPostprocessing = 0;
		};
		FDD25DF721B393290084DFE5 /* Sources */ = {
			isa = PBXSourcesBuildPhase;
			buildActionMask = 2147483647;
			files = (
				FDD25DFE21B393290084DFE5 /* BullsEyeUITests.swift in Sources */,
			);
			runOnlyForDeploymentPostprocessing = 0;
		};
/* End PBXSourcesBuildPhase section */

/* Begin PBXTargetDependency section */
		FDD25DD121B356A20084DFE5 /* PBXTargetDependency */ = {
			isa = PBXTargetDependency;
			target = 40907E251CA8C0C500CAB5AC /* BullsEye */;
			targetProxy = FDD25DD021B356A20084DFE5 /* PBXContainerItemProxy */;
		};
		FDD25DF321B391520084DFE5 /* PBXTargetDependency */ = {
			isa = PBXTargetDependency;
			target = 40907E251CA8C0C500CAB5AC /* BullsEye */;
			targetProxy = FDD25DF221B391520084DFE5 /* PBXContainerItemProxy */;
		};
		FDD25E0121B393290084DFE5 /* PBXTargetDependency */ = {
			isa = PBXTargetDependency;
			target = 40907E251CA8C0C500CAB5AC /* BullsEye */;
			targetProxy = FDD25E0021B393290084DFE5 /* PBXContainerItemProxy */;
		};
/* End PBXTargetDependency section */

/* Begin PBXVariantGroup section */
		40907E2D1CA8C0C500CAB5AC /* Main.storyboard */ = {
			isa = PBXVariantGroup;
			children = (
				40907E2E1CA8C0C500CAB5AC /* Base */,
			);
			name = Main.storyboard;
			sourceTree = "<group>";
		};
		40907E321CA8C0C500CAB5AC /* LaunchScreen.storyboard */ = {
			isa = PBXVariantGroup;
			children = (
				40907E331CA8C0C500CAB5AC /* Base */,
			);
			name = LaunchScreen.storyboard;
			sourceTree = "<group>";
		};
/* End PBXVariantGroup section */

/* Begin XCBuildConfiguration section */
		40907E361CA8C0C500CAB5AC /* Debug */ = {
			isa = XCBuildConfiguration;
			buildSettings = {
				ALWAYS_SEARCH_USER_PATHS = NO;
				CLANG_ANALYZER_NONNULL = YES;
				CLANG_CXX_LANGUAGE_STANDARD = "gnu++0x";
				CLANG_CXX_LIBRARY = "libc++";
				CLANG_ENABLE_MODULES = YES;
				CLANG_ENABLE_OBJC_ARC = YES;
				CLANG_WARN_BOOL_CONVERSION = YES;
				CLANG_WARN_CONSTANT_CONVERSION = YES;
				CLANG_WARN_DIRECT_OBJC_ISA_USAGE = YES_ERROR;
				CLANG_WARN_EMPTY_BODY = YES;
				CLANG_WARN_ENUM_CONVERSION = YES;
				CLANG_WARN_INFINITE_RECURSION = YES;
				CLANG_WARN_INT_CONVERSION = YES;
				CLANG_WARN_OBJC_ROOT_CLASS = YES_ERROR;
				CLANG_WARN_SUSPICIOUS_MOVE = YES;
				CLANG_WARN_UNREACHABLE_CODE = YES;
				CLANG_WARN__DUPLICATE_METHOD_MATCH = YES;
				"CODE_SIGN_IDENTITY[sdk=iphoneos*]" = "iPhone Developer";
				COPY_PHASE_STRIP = NO;
				DEBUG_INFORMATION_FORMAT = dwarf;
				ENABLE_STRICT_OBJC_MSGSEND = YES;
				ENABLE_TESTABILITY = YES;
				GCC_C_LANGUAGE_STANDARD = gnu99;
				GCC_DYNAMIC_NO_PIC = NO;
				GCC_NO_COMMON_BLOCKS = YES;
				GCC_OPTIMIZATION_LEVEL = 0;
				GCC_PREPROCESSOR_DEFINITIONS = (
					"DEBUG=1",
					"$(inherited)",
				);
				GCC_WARN_64_TO_32_BIT_CONVERSION = YES;
				GCC_WARN_ABOUT_RETURN_TYPE = YES_ERROR;
				GCC_WARN_UNDECLARED_SELECTOR = YES;
				GCC_WARN_UNINITIALIZED_AUTOS = YES_AGGRESSIVE;
				GCC_WARN_UNUSED_FUNCTION = YES;
				GCC_WARN_UNUSED_VARIABLE = YES;
				IPHONEOS_DEPLOYMENT_TARGET = 10.1;
				MTL_ENABLE_DEBUG_INFO = YES;
				ONLY_ACTIVE_ARCH = YES;
				SDKROOT = iphoneos;
				SWIFT_OPTIMIZATION_LEVEL = "-Onone";
			};
			name = Debug;
		};
		40907E371CA8C0C500CAB5AC /* Release */ = {
			isa = XCBuildConfiguration;
			buildSettings = {
				ALWAYS_SEARCH_USER_PATHS = NO;
				CLANG_ANALYZER_NONNULL = YES;
				CLANG_CXX_LANGUAGE_STANDARD = "gnu++0x";
				CLANG_CXX_LIBRARY = "libc++";
				CLANG_ENABLE_MODULES = YES;
				CLANG_ENABLE_OBJC_ARC = YES;
				CLANG_WARN_BOOL_CONVERSION = YES;
				CLANG_WARN_CONSTANT_CONVERSION = YES;
				CLANG_WARN_DIRECT_OBJC_ISA_USAGE = YES_ERROR;
				CLANG_WARN_EMPTY_BODY = YES;
				CLANG_WARN_ENUM_CONVERSION = YES;
				CLANG_WARN_INFINITE_RECURSION = YES;
				CLANG_WARN_INT_CONVERSION = YES;
				CLANG_WARN_OBJC_ROOT_CLASS = YES_ERROR;
				CLANG_WARN_SUSPICIOUS_MOVE = YES;
				CLANG_WARN_UNREACHABLE_CODE = YES;
				CLANG_WARN__DUPLICATE_METHOD_MATCH = YES;
				"CODE_SIGN_IDENTITY[sdk=iphoneos*]" = "iPhone Developer";
				COPY_PHASE_STRIP = NO;
				DEBUG_INFORMATION_FORMAT = "dwarf-with-dsym";
				ENABLE_NS_ASSERTIONS = NO;
				ENABLE_STRICT_OBJC_MSGSEND = YES;
				GCC_C_LANGUAGE_STANDARD = gnu99;
				GCC_NO_COMMON_BLOCKS = YES;
				GCC_WARN_64_TO_32_BIT_CONVERSION = YES;
				GCC_WARN_ABOUT_RETURN_TYPE = YES_ERROR;
				GCC_WARN_UNDECLARED_SELECTOR = YES;
				GCC_WARN_UNINITIALIZED_AUTOS = YES_AGGRESSIVE;
				GCC_WARN_UNUSED_FUNCTION = YES;
				GCC_WARN_UNUSED_VARIABLE = YES;
				IPHONEOS_DEPLOYMENT_TARGET = 10.1;
				MTL_ENABLE_DEBUG_INFO = NO;
				SDKROOT = iphoneos;
				SWIFT_OPTIMIZATION_LEVEL = "-Owholemodule";
				VALIDATE_PRODUCT = YES;
			};
			name = Release;
		};
		40907E391CA8C0C500CAB5AC /* Debug */ = {
			isa = XCBuildConfiguration;
			buildSettings = {
				ASSETCATALOG_COMPILER_APPICON_NAME = AppIcon;
				INFOPLIST_FILE = BullsEye/Info.plist;
				LD_RUNPATH_SEARCH_PATHS = "$(inherited) @executable_path/Frameworks";
				PRODUCT_BUNDLE_IDENTIFIER = com.razeware.BullsEye;
				PRODUCT_NAME = "$(TARGET_NAME)";
				SWIFT_VERSION = 3.0;
			};
			name = Debug;
		};
		40907E3A1CA8C0C500CAB5AC /* Release */ = {
			isa = XCBuildConfiguration;
			buildSettings = {
				ASSETCATALOG_COMPILER_APPICON_NAME = AppIcon;
				INFOPLIST_FILE = BullsEye/Info.plist;
				LD_RUNPATH_SEARCH_PATHS = "$(inherited) @executable_path/Frameworks";
				PRODUCT_BUNDLE_IDENTIFIER = com.razeware.BullsEye;
				PRODUCT_NAME = "$(TARGET_NAME)";
				SWIFT_VERSION = 3.0;
			};
			name = Release;
		};
		FDD25DD221B356A20084DFE5 /* Debug */ = {
			isa = XCBuildConfiguration;
			buildSettings = {
				BUNDLE_LOADER = "$(TEST_HOST)";
				CLANG_ANALYZER_NUMBER_OBJECT_CONVERSION = YES_AGGRESSIVE;
				CLANG_CXX_LANGUAGE_STANDARD = "gnu++14";
				CLANG_ENABLE_OBJC_WEAK = YES;
				CLANG_WARN_BLOCK_CAPTURE_AUTORELEASING = YES;
				CLANG_WARN_COMMA = YES;
				CLANG_WARN_DEPRECATED_OBJC_IMPLEMENTATIONS = YES;
				CLANG_WARN_DOCUMENTATION_COMMENTS = YES;
				CLANG_WARN_NON_LITERAL_NULL_CONVERSION = YES;
				CLANG_WARN_OBJC_IMPLICIT_RETAIN_SELF = YES;
				CLANG_WARN_OBJC_LITERAL_CONVERSION = YES;
				CLANG_WARN_RANGE_LOOP_ANALYSIS = YES;
				CLANG_WARN_STRICT_PROTOTYPES = YES;
				CLANG_WARN_UNGUARDED_AVAILABILITY = YES_AGGRESSIVE;
				CODE_SIGN_IDENTITY = "iPhone Developer";
				CODE_SIGN_STYLE = Automatic;
				GCC_C_LANGUAGE_STANDARD = gnu11;
				INFOPLIST_FILE = BullsEyeTests/Info.plist;
				IPHONEOS_DEPLOYMENT_TARGET = 12.1;
				LD_RUNPATH_SEARCH_PATHS = "$(inherited) @executable_path/Frameworks @loader_path/Frameworks";
				MTL_ENABLE_DEBUG_INFO = INCLUDE_SOURCE;
				MTL_FAST_MATH = YES;
				PRODUCT_BUNDLE_IDENTIFIER = YY.BullsEyeTests;
				PRODUCT_NAME = "$(TARGET_NAME)";
				SWIFT_ACTIVE_COMPILATION_CONDITIONS = DEBUG;
				SWIFT_VERSION = 4.2;
				TARGETED_DEVICE_FAMILY = "1,2";
				TEST_HOST = "$(BUILT_PRODUCTS_DIR)/BullsEye.app/BullsEye";
			};
			name = Debug;
		};
		FDD25DD321B356A20084DFE5 /* Release */ = {
			isa = XCBuildConfiguration;
			buildSettings = {
				BUNDLE_LOADER = "$(TEST_HOST)";
				CLANG_ANALYZER_NUMBER_OBJECT_CONVERSION = YES_AGGRESSIVE;
				CLANG_CXX_LANGUAGE_STANDARD = "gnu++14";
				CLANG_ENABLE_OBJC_WEAK = YES;
				CLANG_WARN_BLOCK_CAPTURE_AUTORELEASING = YES;
				CLANG_WARN_COMMA = YES;
				CLANG_WARN_DEPRECATED_OBJC_IMPLEMENTATIONS = YES;
				CLANG_WARN_DOCUMENTATION_COMMENTS = YES;
				CLANG_WARN_NON_LITERAL_NULL_CONVERSION = YES;
				CLANG_WARN_OBJC_IMPLICIT_RETAIN_SELF = YES;
				CLANG_WARN_OBJC_LITERAL_CONVERSION = YES;
				CLANG_WARN_RANGE_LOOP_ANALYSIS = YES;
				CLANG_WARN_STRICT_PROTOTYPES = YES;
				CLANG_WARN_UNGUARDED_AVAILABILITY = YES_AGGRESSIVE;
				CODE_SIGN_IDENTITY = "iPhone Developer";
				CODE_SIGN_STYLE = Automatic;
				GCC_C_LANGUAGE_STANDARD = gnu11;
				INFOPLIST_FILE = BullsEyeTests/Info.plist;
				IPHONEOS_DEPLOYMENT_TARGET = 12.1;
				LD_RUNPATH_SEARCH_PATHS = "$(inherited) @executable_path/Frameworks @loader_path/Frameworks";
				MTL_FAST_MATH = YES;
				PRODUCT_BUNDLE_IDENTIFIER = YY.BullsEyeTests;
				PRODUCT_NAME = "$(TARGET_NAME)";
				SWIFT_VERSION = 4.2;
				TARGETED_DEVICE_FAMILY = "1,2";
				TEST_HOST = "$(BUILT_PRODUCTS_DIR)/BullsEye.app/BullsEye";
			};
			name = Release;
		};
		FDD25DF421B391520084DFE5 /* Debug */ = {
			isa = XCBuildConfiguration;
			buildSettings = {
				BUNDLE_LOADER = "$(TEST_HOST)";
				CLANG_ANALYZER_NUMBER_OBJECT_CONVERSION = YES_AGGRESSIVE;
				CLANG_CXX_LANGUAGE_STANDARD = "gnu++14";
				CLANG_ENABLE_OBJC_WEAK = YES;
				CLANG_WARN_BLOCK_CAPTURE_AUTORELEASING = YES;
				CLANG_WARN_COMMA = YES;
				CLANG_WARN_DEPRECATED_OBJC_IMPLEMENTATIONS = YES;
				CLANG_WARN_DOCUMENTATION_COMMENTS = YES;
				CLANG_WARN_NON_LITERAL_NULL_CONVERSION = YES;
				CLANG_WARN_OBJC_IMPLICIT_RETAIN_SELF = YES;
				CLANG_WARN_OBJC_LITERAL_CONVERSION = YES;
				CLANG_WARN_RANGE_LOOP_ANALYSIS = YES;
				CLANG_WARN_STRICT_PROTOTYPES = YES;
				CLANG_WARN_UNGUARDED_AVAILABILITY = YES_AGGRESSIVE;
				CODE_SIGN_IDENTITY = "iPhone Developer";
				CODE_SIGN_STYLE = Automatic;
				GCC_C_LANGUAGE_STANDARD = gnu11;
				INFOPLIST_FILE = BullsEyeMockTests/Info.plist;
				IPHONEOS_DEPLOYMENT_TARGET = 12.1;
				LD_RUNPATH_SEARCH_PATHS = "$(inherited) @executable_path/Frameworks @loader_path/Frameworks";
				MTL_ENABLE_DEBUG_INFO = INCLUDE_SOURCE;
				MTL_FAST_MATH = YES;
				PRODUCT_BUNDLE_IDENTIFIER = YY.BullsEyeMockTests;
				PRODUCT_NAME = "$(TARGET_NAME)";
				SWIFT_ACTIVE_COMPILATION_CONDITIONS = DEBUG;
				SWIFT_VERSION = 4.2;
				TARGETED_DEVICE_FAMILY = "1,2";
				TEST_HOST = "$(BUILT_PRODUCTS_DIR)/BullsEye.app/BullsEye";
			};
			name = Debug;
		};
		FDD25DF521B391520084DFE5 /* Release */ = {
			isa = XCBuildConfiguration;
			buildSettings = {
				BUNDLE_LOADER = "$(TEST_HOST)";
				CLANG_ANALYZER_NUMBER_OBJECT_CONVERSION = YES_AGGRESSIVE;
				CLANG_CXX_LANGUAGE_STANDARD = "gnu++14";
				CLANG_ENABLE_OBJC_WEAK = YES;
				CLANG_WARN_BLOCK_CAPTURE_AUTORELEASING = YES;
				CLANG_WARN_COMMA = YES;
				CLANG_WARN_DEPRECATED_OBJC_IMPLEMENTATIONS = YES;
				CLANG_WARN_DOCUMENTATION_COMMENTS = YES;
				CLANG_WARN_NON_LITERAL_NULL_CONVERSION = YES;
				CLANG_WARN_OBJC_IMPLICIT_RETAIN_SELF = YES;
				CLANG_WARN_OBJC_LITERAL_CONVERSION = YES;
				CLANG_WARN_RANGE_LOOP_ANALYSIS = YES;
				CLANG_WARN_STRICT_PROTOTYPES = YES;
				CLANG_WARN_UNGUARDED_AVAILABILITY = YES_AGGRESSIVE;
				CODE_SIGN_IDENTITY = "iPhone Developer";
				CODE_SIGN_STYLE = Automatic;
				GCC_C_LANGUAGE_STANDARD = gnu11;
				INFOPLIST_FILE = BullsEyeMockTests/Info.plist;
				IPHONEOS_DEPLOYMENT_TARGET = 12.1;
				LD_RUNPATH_SEARCH_PATHS = "$(inherited) @executable_path/Frameworks @loader_path/Frameworks";
				MTL_FAST_MATH = YES;
				PRODUCT_BUNDLE_IDENTIFIER = YY.BullsEyeMockTests;
				PRODUCT_NAME = "$(TARGET_NAME)";
				SWIFT_VERSION = 4.2;
				TARGETED_DEVICE_FAMILY = "1,2";
				TEST_HOST = "$(BUILT_PRODUCTS_DIR)/BullsEye.app/BullsEye";
			};
			name = Release;
		};
		FDD25E0321B393290084DFE5 /* Debug */ = {
			isa = XCBuildConfiguration;
			buildSettings = {
				CLANG_ANALYZER_NUMBER_OBJECT_CONVERSION = YES_AGGRESSIVE;
				CLANG_CXX_LANGUAGE_STANDARD = "gnu++14";
				CLANG_ENABLE_OBJC_WEAK = YES;
				CLANG_WARN_BLOCK_CAPTURE_AUTORELEASING = YES;
				CLANG_WARN_COMMA = YES;
				CLANG_WARN_DEPRECATED_OBJC_IMPLEMENTATIONS = YES;
				CLANG_WARN_DOCUMENTATION_COMMENTS = YES;
				CLANG_WARN_NON_LITERAL_NULL_CONVERSION = YES;
				CLANG_WARN_OBJC_IMPLICIT_RETAIN_SELF = YES;
				CLANG_WARN_OBJC_LITERAL_CONVERSION = YES;
				CLANG_WARN_RANGE_LOOP_ANALYSIS = YES;
				CLANG_WARN_STRICT_PROTOTYPES = YES;
				CLANG_WARN_UNGUARDED_AVAILABILITY = YES_AGGRESSIVE;
				CODE_SIGN_IDENTITY = "iPhone Developer";
				CODE_SIGN_STYLE = Automatic;
				GCC_C_LANGUAGE_STANDARD = gnu11;
				INFOPLIST_FILE = BullsEyeUITests/Info.plist;
				IPHONEOS_DEPLOYMENT_TARGET = 12.1;
				LD_RUNPATH_SEARCH_PATHS = "$(inherited) @executable_path/Frameworks @loader_path/Frameworks";
				MTL_ENABLE_DEBUG_INFO = INCLUDE_SOURCE;
				MTL_FAST_MATH = YES;
				PRODUCT_BUNDLE_IDENTIFIER = YY.BullsEyeUITests;
				PRODUCT_NAME = "$(TARGET_NAME)";
				SWIFT_ACTIVE_COMPILATION_CONDITIONS = DEBUG;
				SWIFT_VERSION = 4.2;
				TARGETED_DEVICE_FAMILY = "1,2";
				TEST_TARGET_NAME = BullsEye;
			};
			name = Debug;
		};
		FDD25E0421B393290084DFE5 /* Release */ = {
			isa = XCBuildConfiguration;
			buildSettings = {
				CLANG_ANALYZER_NUMBER_OBJECT_CONVERSION = YES_AGGRESSIVE;
				CLANG_CXX_LANGUAGE_STANDARD = "gnu++14";
				CLANG_ENABLE_OBJC_WEAK = YES;
				CLANG_WARN_BLOCK_CAPTURE_AUTORELEASING = YES;
				CLANG_WARN_COMMA = YES;
				CLANG_WARN_DEPRECATED_OBJC_IMPLEMENTATIONS = YES;
				CLANG_WARN_DOCUMENTATION_COMMENTS = YES;
				CLANG_WARN_NON_LITERAL_NULL_CONVERSION = YES;
				CLANG_WARN_OBJC_IMPLICIT_RETAIN_SELF = YES;
				CLANG_WARN_OBJC_LITERAL_CONVERSION = YES;
				CLANG_WARN_RANGE_LOOP_ANALYSIS = YES;
				CLANG_WARN_STRICT_PROTOTYPES = YES;
				CLANG_WARN_UNGUARDED_AVAILABILITY = YES_AGGRESSIVE;
				CODE_SIGN_IDENTITY = "iPhone Developer";
				CODE_SIGN_STYLE = Automatic;
				GCC_C_LANGUAGE_STANDARD = gnu11;
				INFOPLIST_FILE = BullsEyeUITests/Info.plist;
				IPHONEOS_DEPLOYMENT_TARGET = 12.1;
				LD_RUNPATH_SEARCH_PATHS = "$(inherited) @executable_path/Frameworks @loader_path/Frameworks";
				MTL_FAST_MATH = YES;
				PRODUCT_BUNDLE_IDENTIFIER = YY.BullsEyeUITests;
				PRODUCT_NAME = "$(TARGET_NAME)";
				SWIFT_VERSION = 4.2;
				TARGETED_DEVICE_FAMILY = "1,2";
				TEST_TARGET_NAME = BullsEye;
			};
			name = Release;
		};
/* End XCBuildConfiguration section */

/* Begin XCConfigurationList section */
		40907E211CA8C0C500CAB5AC /* Build configuration list for PBXProject "BullsEye" */ = {
			isa = XCConfigurationList;
			buildConfigurations = (
				40907E361CA8C0C500CAB5AC /* Debug */,
				40907E371CA8C0C500CAB5AC /* Release */,
			);
			defaultConfigurationIsVisible = 0;
			defaultConfigurationName = Release;
		};
		40907E381CA8C0C500CAB5AC /* Build configuration list for PBXNativeTarget "BullsEye" */ = {
			isa = XCConfigurationList;
			buildConfigurations = (
				40907E391CA8C0C500CAB5AC /* Debug */,
				40907E3A1CA8C0C500CAB5AC /* Release */,
			);
			defaultConfigurationIsVisible = 0;
			defaultConfigurationName = Release;
		};
		FDD25DD421B356A20084DFE5 /* Build configuration list for PBXNativeTarget "BullsEyeTests" */ = {
			isa = XCConfigurationList;
			buildConfigurations = (
				FDD25DD221B356A20084DFE5 /* Debug */,
				FDD25DD321B356A20084DFE5 /* Release */,
			);
			defaultConfigurationIsVisible = 0;
			defaultConfigurationName = Release;
		};
		FDD25DF621B391520084DFE5 /* Build configuration list for PBXNativeTarget "BullsEyeMockTests" */ = {
			isa = XCConfigurationList;
			buildConfigurations = (
				FDD25DF421B391520084DFE5 /* Debug */,
				FDD25DF521B391520084DFE5 /* Release */,
			);
			defaultConfigurationIsVisible = 0;
			defaultConfigurationName = Release;
		};
		FDD25E0221B393290084DFE5 /* Build configuration list for PBXNativeTarget "BullsEyeUITests" */ = {
			isa = XCConfigurationList;
			buildConfigurations = (
				FDD25E0321B393290084DFE5 /* Debug */,
				FDD25E0421B393290084DFE5 /* Release */,
			);
			defaultConfigurationIsVisible = 0;
			defaultConfigurationName = Release;
		};
/* End XCConfigurationList section */
	};
	rootObject = 40907E1E1CA8C0C500CAB5AC /* Project object */;
}
