// !$*UTF8*$!
{
	archiveVersion = 1;
	classes = {
	};
	objectVersion = 48;
	objects = {

/* Begin PBXBuildFile section */
		9A77A47057EE622EB47F4049 /* Pods_BaseProject.framework in Frameworks */ = {isa = PBXBuildFile; fileRef = B95E6B90BC10ED34348F61F9 /* Pods_BaseProject.framework */; };
		CB3A7E4B2149F21E00B41A99 /* BaseTabBarController.swift in Sources */ = {isa = PBXBuildFile; fileRef = CB3A7E4A2149F21E00B41A99 /* BaseTabBarController.swift */; };
		CB3A7E4E214A06DB00B41A99 /* BaseTabBar.swift in Sources */ = {isa = PBXBuildFile; fileRef = CB3A7E4D214A06DB00B41A99 /* BaseTabBar.swift */; };
		CB70084C21489BB300D5DA92 /* BundleExtension.swift in Sources */ = {isa = PBXBuildFile; fileRef = CB70083D21489BB300D5DA92 /* BundleExtension.swift */; };
		CB70084D21489BB300D5DA92 /* DeviceExtension.swift in Sources */ = {isa = PBXBuildFile; fileRef = CB70083E21489BB300D5DA92 /* DeviceExtension.swift */; };
		CB70084E21489BB300D5DA92 /* FileManagerExtension.swift in Sources */ = {isa = PBXBuildFile; fileRef = CB70083F21489BB300D5DA92 /* FileManagerExtension.swift */; };
		CB70084F21489BB300D5DA92 /* IntExtension.swift in Sources */ = {isa = PBXBuildFile; fileRef = CB70084021489BB300D5DA92 /* IntExtension.swift */; };
		CB70085021489BB300D5DA92 /* StringExtension.swift in Sources */ = {isa = PBXBuildFile; fileRef = CB70084121489BB300D5DA92 /* StringExtension.swift */; };
		CB70085121489BB300D5DA92 /* UIAlertControllerExtension.swift in Sources */ = {isa = PBXBuildFile; fileRef = CB70084221489BB300D5DA92 /* UIAlertControllerExtension.swift */; };
		CB70085221489BB300D5DA92 /* UIButtonExtension.swift in Sources */ = {isa = PBXBuildFile; fileRef = CB70084321489BB300D5DA92 /* UIButtonExtension.swift */; };
		CB70085321489BB300D5DA92 /* UIColorExtension.swift in Sources */ = {isa = PBXBuildFile; fileRef = CB70084421489BB300D5DA92 /* UIColorExtension.swift */; };
		CB70085421489BB300D5DA92 /* UIImageExtension.swift in Sources */ = {isa = PBXBuildFile; fileRef = CB70084521489BB300D5DA92 /* UIImageExtension.swift */; };
		CB70085521489BB300D5DA92 /* UINavigationConrollerExtension.swift in Sources */ = {isa = PBXBuildFile; fileRef = CB70084621489BB300D5DA92 /* UINavigationConrollerExtension.swift */; };
		CB70085621489BB300D5DA92 /* UIScrollViewExtension.swift in Sources */ = {isa = PBXBuildFile; fileRef = CB70084721489BB300D5DA92 /* UIScrollViewExtension.swift */; };
		CB70085721489BB300D5DA92 /* UIStoryboardExtension.swift in Sources */ = {isa = PBXBuildFile; fileRef = CB70084821489BB300D5DA92 /* UIStoryboardExtension.swift */; };
		CB70085821489BB300D5DA92 /* UITableViewExtension.swift in Sources */ = {isa = PBXBuildFile; fileRef = CB70084921489BB300D5DA92 /* UITableViewExtension.swift */; };
		CB70085921489BB300D5DA92 /* UIViewControllerExtension.swift in Sources */ = {isa = PBXBuildFile; fileRef = CB70084A21489BB300D5DA92 /* UIViewControllerExtension.swift */; };
		CB70085A21489BB300D5DA92 /* UIViewExtension.swift in Sources */ = {isa = PBXBuildFile; fileRef = CB70084B21489BB300D5DA92 /* UIViewExtension.swift */; };
		CB70085C2148A1C100D5DA92 /* DispatchTimeExtension.swift in Sources */ = {isa = PBXBuildFile; fileRef = CB70085B2148A1C100D5DA92 /* DispatchTimeExtension.swift */; };
		CB70085F2148B85800D5DA92 /* HudManager.swift in Sources */ = {isa = PBXBuildFile; fileRef = CB70085E2148B85800D5DA92 /* HudManager.swift */; };
		CB7008652148EC2500D5DA92 /* LaunchScreenManager.swift in Sources */ = {isa = PBXBuildFile; fileRef = CB7008642148EC2500D5DA92 /* LaunchScreenManager.swift */; };
		FD7532AF21440A4600FB5E10 /* Assets.xcassets in Resources */ = {isa = PBXBuildFile; fileRef = FD7532A221440A4600FB5E10 /* Assets.xcassets */; };
		FD7532B021440A4600FB5E10 /* ViewController.swift in Sources */ = {isa = PBXBuildFile; fileRef = FD7532A621440A4600FB5E10 /* ViewController.swift */; };
		FD7532B321440A4600FB5E10 /* AppDelegate.swift in Sources */ = {isa = PBXBuildFile; fileRef = FD7532AD21440A4600FB5E10 /* AppDelegate.swift */; };
		FD7532B921440A6A00FB5E10 /* LaunchScreen.storyboard in Resources */ = {isa = PBXBuildFile; fileRef = FD7532B521440A6A00FB5E10 /* LaunchScreen.storyboard */; };
		FD7532BA21440A6A00FB5E10 /* Main.storyboard in Resources */ = {isa = PBXBuildFile; fileRef = FD7532B721440A6A00FB5E10 /* Main.storyboard */; };
		FD7532BE214412A200FB5E10 /* YYang-PrefixHeader.swift in Sources */ = {isa = PBXBuildFile; fileRef = FD7532BD214412A200FB5E10 /* YYang-PrefixHeader.swift */; };
		FD7532C02144153300FB5E10 /* BussinessMacro.swift in Sources */ = {isa = PBXBuildFile; fileRef = FD7532BF2144153300FB5E10 /* BussinessMacro.swift */; };
		FD7532C22144154600FB5E10 /* MainMacro.swift in Sources */ = {isa = PBXBuildFile; fileRef = FD7532C12144154600FB5E10 /* MainMacro.swift */; };
		FD7532C72144C40E00FB5E10 /* HttpCaller.swift in Sources */ = {isa = PBXBuildFile; fileRef = FD7532C62144C40E00FB5E10 /* HttpCaller.swift */; };
/* End PBXBuildFile section */

/* Begin PBXFileReference section */
		7520A81E163862C1095D41D8 /* Pods-BaseProject.release.xcconfig */ = {isa = PBXFileReference; includeInIndex = 1; lastKnownFileType = text.xcconfig; name = "Pods-BaseProject.release.xcconfig"; path = "Pods/Target Support Files/Pods-BaseProject/Pods-BaseProject.release.xcconfig"; sourceTree = "<group>"; };
		919DCF8CB2A5E9B944499F0D /* Pods-BaseProject.debug.xcconfig */ = {isa = PBXFileReference; includeInIndex = 1; lastKnownFileType = text.xcconfig; name = "Pods-BaseProject.debug.xcconfig"; path = "Pods/Target Support Files/Pods-BaseProject/Pods-BaseProject.debug.xcconfig"; sourceTree = "<group>"; };
		B95E6B90BC10ED34348F61F9 /* Pods_BaseProject.framework */ = {isa = PBXFileReference; explicitFileType = wrapper.framework; includeInIndex = 0; path = Pods_BaseProject.framework; sourceTree = BUILT_PRODUCTS_DIR; };
		CB27253F2174077F0042FB94 /* FontAwesome.ttf */ = {isa = PBXFileReference; lastKnownFileType = file; path = FontAwesome.ttf; sourceTree = "<group>"; };
		CB3A7E4A2149F21E00B41A99 /* BaseTabBarController.swift */ = {isa = PBXFileReference; lastKnownFileType = sourcecode.swift; path = BaseTabBarController.swift; sourceTree = "<group>"; usesTabs = 0; };
		CB3A7E4D214A06DB00B41A99 /* BaseTabBar.swift */ = {isa = PBXFileReference; lastKnownFileType = sourcecode.swift; path = BaseTabBar.swift; sourceTree = "<group>"; };
		CB70083D21489BB300D5DA92 /* BundleExtension.swift */ = {isa = PBXFileReference; fileEncoding = 4; lastKnownFileType = sourcecode.swift; path = BundleExtension.swift; sourceTree = "<group>"; };
		CB70083E21489BB300D5DA92 /* DeviceExtension.swift */ = {isa = PBXFileReference; fileEncoding = 4; lastKnownFileType = sourcecode.swift; path = DeviceExtension.swift; sourceTree = "<group>"; };
		CB70083F21489BB300D5DA92 /* FileManagerExtension.swift */ = {isa = PBXFileReference; fileEncoding = 4; lastKnownFileType = sourcecode.swift; path = FileManagerExtension.swift; sourceTree = "<group>"; };
		CB70084021489BB300D5DA92 /* IntExtension.swift */ = {isa = PBXFileReference; fileEncoding = 4; lastKnownFileType = sourcecode.swift; path = IntExtension.swift; sourceTree = "<group>"; };
		CB70084121489BB300D5DA92 /* StringExtension.swift */ = {isa = PBXFileReference; fileEncoding = 4; lastKnownFileType = sourcecode.swift; path = StringExtension.swift; sourceTree = "<group>"; };
		CB70084221489BB300D5DA92 /* UIAlertControllerExtension.swift */ = {isa = PBXFileReference; fileEncoding = 4; lastKnownFileType = sourcecode.swift; path = UIAlertControllerExtension.swift; sourceTree = "<group>"; };
		CB70084321489BB300D5DA92 /* UIButtonExtension.swift */ = {isa = PBXFileReference; fileEncoding = 4; lastKnownFileType = sourcecode.swift; path = UIButtonExtension.swift; sourceTree = "<group>"; };
		CB70084421489BB300D5DA92 /* UIColorExtension.swift */ = {isa = PBXFileReference; fileEncoding = 4; lastKnownFileType = sourcecode.swift; path = UIColorExtension.swift; sourceTree = "<group>"; };
		CB70084521489BB300D5DA92 /* UIImageExtension.swift */ = {isa = PBXFileReference; fileEncoding = 4; lastKnownFileType = sourcecode.swift; path = UIImageExtension.swift; sourceTree = "<group>"; };
		CB70084621489BB300D5DA92 /* UINavigationConrollerExtension.swift */ = {isa = PBXFileReference; fileEncoding = 4; lastKnownFileType = sourcecode.swift; path = UINavigationConrollerExtension.swift; sourceTree = "<group>"; };
		CB70084721489BB300D5DA92 /* UIScrollViewExtension.swift */ = {isa = PBXFileReference; fileEncoding = 4; lastKnownFileType = sourcecode.swift; path = UIScrollViewExtension.swift; sourceTree = "<group>"; };
		CB70084821489BB300D5DA92 /* UIStoryboardExtension.swift */ = {isa = PBXFileReference; fileEncoding = 4; lastKnownFileType = sourcecode.swift; path = UIStoryboardExtension.swift; sourceTree = "<group>"; };
		CB70084921489BB300D5DA92 /* UITableViewExtension.swift */ = {isa = PBXFileReference; fileEncoding = 4; lastKnownFileType = sourcecode.swift; path = UITableViewExtension.swift; sourceTree = "<group>"; };
		CB70084A21489BB300D5DA92 /* UIViewControllerExtension.swift */ = {isa = PBXFileReference; fileEncoding = 4; lastKnownFileType = sourcecode.swift; path = UIViewControllerExtension.swift; sourceTree = "<group>"; };
		CB70084B21489BB300D5DA92 /* UIViewExtension.swift */ = {isa = PBXFileReference; fileEncoding = 4; lastKnownFileType = sourcecode.swift; path = UIViewExtension.swift; sourceTree = "<group>"; };
		CB70085B2148A1C100D5DA92 /* DispatchTimeExtension.swift */ = {isa = PBXFileReference; lastKnownFileType = sourcecode.swift; path = DispatchTimeExtension.swift; sourceTree = "<group>"; };
		CB70085E2148B85800D5DA92 /* HudManager.swift */ = {isa = PBXFileReference; lastKnownFileType = sourcecode.swift; path = HudManager.swift; sourceTree = "<group>"; };
		CB7008642148EC2500D5DA92 /* LaunchScreenManager.swift */ = {isa = PBXFileReference; lastKnownFileType = sourcecode.swift; path = LaunchScreenManager.swift; sourceTree = "<group>"; };
		FD7532892143DADD00FB5E10 /* BaseProject.app */ = {isa = PBXFileReference; explicitFileType = wrapper.application; includeInIndex = 0; path = BaseProject.app; sourceTree = BUILT_PRODUCTS_DIR; };
		FD7532A121440A4600FB5E10 /* Info.plist */ = {isa = PBXFileReference; fileEncoding = 4; lastKnownFileType = text.plist.xml; path = Info.plist; sourceTree = "<group>"; };
		FD7532A221440A4600FB5E10 /* Assets.xcassets */ = {isa = PBXFileReference; lastKnownFileType = folder.assetcatalog; path = Assets.xcassets; sourceTree = "<group>"; };
		FD7532A621440A4600FB5E10 /* ViewController.swift */ = {isa = PBXFileReference; fileEncoding = 4; lastKnownFileType = sourcecode.swift; path = ViewController.swift; sourceTree = "<group>"; };
		FD7532AD21440A4600FB5E10 /* AppDelegate.swift */ = {isa = PBXFileReference; fileEncoding = 4; lastKnownFileType = sourcecode.swift; path = AppDelegate.swift; sourceTree = "<group>"; };
		FD7532B621440A6A00FB5E10 /* Base */ = {isa = PBXFileReference; lastKnownFileType = file.storyboard; name = Base; path = LaunchScreen.storyboard; sourceTree = "<group>"; };
		FD7532B821440A6A00FB5E10 /* Base */ = {isa = PBXFileReference; lastKnownFileType = file.storyboard; name = Base; path = Main.storyboard; sourceTree = "<group>"; };
		FD7532BD214412A200FB5E10 /* YYang-PrefixHeader.swift */ = {isa = PBXFileReference; lastKnownFileType = sourcecode.swift; path = "YYang-PrefixHeader.swift"; sourceTree = "<group>"; };
		FD7532BF2144153300FB5E10 /* BussinessMacro.swift */ = {isa = PBXFileReference; lastKnownFileType = sourcecode.swift; path = BussinessMacro.swift; sourceTree = "<group>"; };
		FD7532C12144154600FB5E10 /* MainMacro.swift */ = {isa = PBXFileReference; lastKnownFileType = sourcecode.swift; path = MainMacro.swift; sourceTree = "<group>"; };
		FD7532C62144C40E00FB5E10 /* HttpCaller.swift */ = {isa = PBXFileReference; lastKnownFileType = sourcecode.swift; path = HttpCaller.swift; sourceTree = "<group>"; };
/* End PBXFileReference section */

/* Begin PBXFrameworksBuildPhase section */
		FD7532862143DADD00FB5E10 /* Frameworks */ = {
			isa = PBXFrameworksBuildPhase;
			buildActionMask = 2147483647;
			files = (
				9A77A47057EE622EB47F4049 /* Pods_BaseProject.framework in Frameworks */,
			);
			runOnlyForDeploymentPostprocessing = 0;
		};
/* End PBXFrameworksBuildPhase section */

/* Begin PBXGroup section */
		0DEB3ADF7288B8C10BD5B134 /* Pods */ = {
			isa = PBXGroup;
			children = (
				919DCF8CB2A5E9B944499F0D /* Pods-BaseProject.debug.xcconfig */,
				7520A81E163862C1095D41D8 /* Pods-BaseProject.release.xcconfig */,
			);
			name = Pods;
			sourceTree = "<group>";
		};
		7F0BEB460EC1EC6F5247A964 /* Frameworks */ = {
			isa = PBXGroup;
			children = (
				B95E6B90BC10ED34348F61F9 /* Pods_BaseProject.framework */,
			);
			name = Frameworks;
			sourceTree = "<group>";
		};
		CB3A7E4C214A068F00B41A99 /* BaseTabBarController */ = {
			isa = PBXGroup;
			children = (
				CB3A7E4A2149F21E00B41A99 /* BaseTabBarController.swift */,
				CB3A7E4D214A06DB00B41A99 /* BaseTabBar.swift */,
			);
			path = BaseTabBarController;
			sourceTree = "<group>";
		};
		CB70083C21489BB300D5DA92 /* Extension */ = {
			isa = PBXGroup;
			children = (
				CB70083D21489BB300D5DA92 /* BundleExtension.swift */,
				CB70083E21489BB300D5DA92 /* DeviceExtension.swift */,
				CB70083F21489BB300D5DA92 /* FileManagerExtension.swift */,
				CB70084021489BB300D5DA92 /* IntExtension.swift */,
				CB70084121489BB300D5DA92 /* StringExtension.swift */,
				CB70084221489BB300D5DA92 /* UIAlertControllerExtension.swift */,
				CB70084321489BB300D5DA92 /* UIButtonExtension.swift */,
				CB70084421489BB300D5DA92 /* UIColorExtension.swift */,
				CB70084521489BB300D5DA92 /* UIImageExtension.swift */,
				CB70084621489BB300D5DA92 /* UINavigationConrollerExtension.swift */,
				CB70084A21489BB300D5DA92 /* UIViewControllerExtension.swift */,
				CB70084721489BB300D5DA92 /* UIScrollViewExtension.swift */,
				CB70084821489BB300D5DA92 /* UIStoryboardExtension.swift */,
				CB70084921489BB300D5DA92 /* UITableViewExtension.swift */,
				CB70084B21489BB300D5DA92 /* UIViewExtension.swift */,
				CB70085B2148A1C100D5DA92 /* DispatchTimeExtension.swift */,
			);
			path = Extension;
			sourceTree = "<group>";
		};
		CB70085D2148B6CB00D5DA92 /* HUD */ = {
			isa = PBXGroup;
			children = (
				CB70085E2148B85800D5DA92 /* HudManager.swift */,
			);
			path = HUD;
			sourceTree = "<group>";
		};
		CB7008632148EC1000D5DA92 /* LunchScreen */ = {
			isa = PBXGroup;
			children = (
				CB7008642148EC2500D5DA92 /* LaunchScreenManager.swift */,
			);
			path = LunchScreen;
			sourceTree = "<group>";
		};
		FD7532802143DADD00FB5E10 = {
			isa = PBXGroup;
			children = (
				FD75328B2143DADD00FB5E10 /* BaseProject */,
				FD75328A2143DADD00FB5E10 /* Products */,
				0DEB3ADF7288B8C10BD5B134 /* Pods */,
				7F0BEB460EC1EC6F5247A964 /* Frameworks */,
			);
			sourceTree = "<group>";
		};
		FD75328A2143DADD00FB5E10 /* Products */ = {
			isa = PBXGroup;
			children = (
				FD7532892143DADD00FB5E10 /* BaseProject.app */,
			);
			name = Products;
			sourceTree = "<group>";
		};
		FD75328B2143DADD00FB5E10 /* BaseProject */ = {
			isa = PBXGroup;
			children = (
				FD7532A521440A4600FB5E10 /* Business */,
				FD75329E21440A4600FB5E10 /* General */,
				FD75329F21440A4600FB5E10 /* Resource */,
				FD7532A421440A4600FB5E10 /* Vendor */,
			);
			path = BaseProject;
			sourceTree = "<group>";
		};
		FD75329E21440A4600FB5E10 /* General */ = {
			isa = PBXGroup;
			children = (
				FD7532BD214412A200FB5E10 /* YYang-PrefixHeader.swift */,
				FD7532C12144154600FB5E10 /* MainMacro.swift */,
			);
			path = General;
			sourceTree = "<group>";
		};
		FD75329F21440A4600FB5E10 /* Resource */ = {
			isa = PBXGroup;
			children = (
				FD7532A021440A4600FB5E10 /* Plist */,
				FD7532A221440A4600FB5E10 /* Assets.xcassets */,
				FD7532A321440A4600FB5E10 /* Font */,
			);
			path = Resource;
			sourceTree = "<group>";
		};
		FD7532A021440A4600FB5E10 /* Plist */ = {
			isa = PBXGroup;
			children = (
				FD7532A121440A4600FB5E10 /* Info.plist */,
			);
			path = Plist;
			sourceTree = "<group>";
		};
		FD7532A321440A4600FB5E10 /* Font */ = {
			isa = PBXGroup;
			children = (
				CB27253F2174077F0042FB94 /* FontAwesome.ttf */,
			);
			path = Font;
			sourceTree = "<group>";
		};
		FD7532A421440A4600FB5E10 /* Vendor */ = {
			isa = PBXGroup;
			children = (
				CB70083C21489BB300D5DA92 /* Extension */,
				FD7532C32144C2F500FB5E10 /* SelfAPI */,
			);
			path = Vendor;
			sourceTree = "<group>";
		};
		FD7532A521440A4600FB5E10 /* Business */ = {
			isa = PBXGroup;
			children = (
				FD7532A621440A4600FB5E10 /* ViewController.swift */,
				FD7532A721440A4600FB5E10 /* Global */,
			);
			path = Business;
			sourceTree = "<group>";
		};
		FD7532A721440A4600FB5E10 /* Global */ = {
			isa = PBXGroup;
			children = (
				CB3A7E4C214A068F00B41A99 /* BaseTabBarController */,
				FD7532A821440A4600FB5E10 /* Storyboard */,
				FD7532AD21440A4600FB5E10 /* AppDelegate.swift */,
				FD7532BF2144153300FB5E10 /* BussinessMacro.swift */,
			);
			path = Global;
			sourceTree = "<group>";
		};
		FD7532A821440A4600FB5E10 /* Storyboard */ = {
			isa = PBXGroup;
			children = (
				FD7532B421440A6A00FB5E10 /* Base.lproj */,
			);
			path = Storyboard;
			sourceTree = "<group>";
		};
		FD7532B421440A6A00FB5E10 /* Base.lproj */ = {
			isa = PBXGroup;
			children = (
				FD7532B521440A6A00FB5E10 /* LaunchScreen.storyboard */,
				FD7532B721440A6A00FB5E10 /* Main.storyboard */,
			);
			path = Base.lproj;
			sourceTree = "<group>";
		};
		FD7532C32144C2F500FB5E10 /* SelfAPI */ = {
			isa = PBXGroup;
			children = (
				CB7008632148EC1000D5DA92 /* LunchScreen */,
				CB70085D2148B6CB00D5DA92 /* HUD */,
				FD7532C52144C39E00FB5E10 /* CoreNet */,
			);
			path = SelfAPI;
			sourceTree = "<group>";
		};
		FD7532C52144C39E00FB5E10 /* CoreNet */ = {
			isa = PBXGroup;
			children = (
				FD7532C62144C40E00FB5E10 /* HttpCaller.swift */,
			);
			path = CoreNet;
			sourceTree = "<group>";
		};
/* End PBXGroup section */

/* Begin PBXNativeTarget section */
		FD7532882143DADD00FB5E10 /* BaseProject */ = {
			isa = PBXNativeTarget;
			buildConfigurationList = FD75329B2143DADD00FB5E10 /* Build configuration list for PBXNativeTarget "BaseProject" */;
			buildPhases = (
				E1039FD2B098F4CC1D4408FB /* [CP] Check Pods Manifest.lock */,
				FD7532852143DADD00FB5E10 /* Sources */,
				FD7532862143DADD00FB5E10 /* Frameworks */,
				FD7532872143DADD00FB5E10 /* Resources */,
				7E36CEBAFC8D7DCCC27DCEBE /* [CP] Embed Pods Frameworks */,
				CB272540217409700042FB94 /* ShellScript */,
			);
			buildRules = (
			);
			dependencies = (
			);
			name = BaseProject;
			productName = BaseProject;
			productReference = FD7532892143DADD00FB5E10 /* BaseProject.app */;
			productType = "com.apple.product-type.application";
		};
/* End PBXNativeTarget section */

/* Begin PBXProject section */
		FD7532812143DADD00FB5E10 /* Project object */ = {
			isa = PBXProject;
			attributes = {
				LastSwiftUpdateCheck = 0920;
				LastUpgradeCheck = 0920;
				ORGANIZATIONNAME = YYang;
				TargetAttributes = {
					FD7532882143DADD00FB5E10 = {
						CreatedOnToolsVersion = 9.2;
						ProvisioningStyle = Automatic;
					};
				};
			};
			buildConfigurationList = FD7532842143DADD00FB5E10 /* Build configuration list for PBXProject "BaseProject" */;
			compatibilityVersion = "Xcode 8.0";
			developmentRegion = en;
			hasScannedForEncodings = 0;
			knownRegions = (
				en,
				Base,
			);
			mainGroup = FD7532802143DADD00FB5E10;
			productRefGroup = FD75328A2143DADD00FB5E10 /* Products */;
			projectDirPath = "";
			projectRoot = "";
			targets = (
				FD7532882143DADD00FB5E10 /* BaseProject */,
			);
		};
/* End PBXProject section */

/* Begin PBXResourcesBuildPhase section */
		FD7532872143DADD00FB5E10 /* Resources */ = {
			isa = PBXResourcesBuildPhase;
			buildActionMask = 2147483647;
			files = (
				FD7532B921440A6A00FB5E10 /* LaunchScreen.storyboard in Resources */,
				FD7532AF21440A4600FB5E10 /* Assets.xcassets in Resources */,
				FD7532BA21440A6A00FB5E10 /* Main.storyboard in Resources */,
			);
			runOnlyForDeploymentPostprocessing = 0;
		};
/* End PBXResourcesBuildPhase section */

/* Begin PBXShellScriptBuildPhase section */
		7E36CEBAFC8D7DCCC27DCEBE /* [CP] Embed Pods Frameworks */ = {
			isa = PBXShellScriptBuildPhase;
			buildActionMask = 2147483647;
			files = (
			);
			inputPaths = (
				"${SRCROOT}/Pods/Target Support Files/Pods-BaseProject/Pods-BaseProject-frameworks.sh",
				"${BUILT_PRODUCTS_DIR}/Alamofire/Alamofire.framework",
				"${BUILT_PRODUCTS_DIR}/Eureka/Eureka.framework",
				"${BUILT_PRODUCTS_DIR}/IQKeyboardManagerSwift/IQKeyboardManagerSwift.framework",
				"${BUILT_PRODUCTS_DIR}/JGProgressHUD/JGProgressHUD.framework",
				"${BUILT_PRODUCTS_DIR}/Kingfisher/Kingfisher.framework",
				"${BUILT_PRODUCTS_DIR}/NVActivityIndicatorView/NVActivityIndicatorView.framework",
				"${BUILT_PRODUCTS_DIR}/SnapKit/SnapKit.framework",
				"${BUILT_PRODUCTS_DIR}/SwiftyJSON/SwiftyJSON.framework",
			);
			name = "[CP] Embed Pods Frameworks";
			outputPaths = (
				"${TARGET_BUILD_DIR}/${FRAMEWORKS_FOLDER_PATH}/Alamofire.framework",
				"${TARGET_BUILD_DIR}/${FRAMEWORKS_FOLDER_PATH}/Eureka.framework",
				"${TARGET_BUILD_DIR}/${FRAMEWORKS_FOLDER_PATH}/IQKeyboardManagerSwift.framework",
				"${TARGET_BUILD_DIR}/${FRAMEWORKS_FOLDER_PATH}/JGProgressHUD.framework",
				"${TARGET_BUILD_DIR}/${FRAMEWORKS_FOLDER_PATH}/Kingfisher.framework",
				"${TARGET_BUILD_DIR}/${FRAMEWORKS_FOLDER_PATH}/NVActivityIndicatorView.framework",
				"${TARGET_BUILD_DIR}/${FRAMEWORKS_FOLDER_PATH}/SnapKit.framework",
				"${TARGET_BUILD_DIR}/${FRAMEWORKS_FOLDER_PATH}/SwiftyJSON.framework",
			);
			runOnlyForDeploymentPostprocessing = 0;
			shellPath = /bin/sh;
			shellScript = "\"${SRCROOT}/Pods/Target Support Files/Pods-BaseProject/Pods-BaseProject-frameworks.sh\"\n";
			showEnvVarsInLog = 0;
		};
		CB272540217409700042FB94 /* ShellScript */ = {
			isa = PBXShellScriptBuildPhase;
			buildActionMask = 8;
			files = (
			);
			inputFileListPaths = (
			);
			inputPaths = (
				"$(BUILT_PRODUCTS_DIR)/$(INFOPLIST_PATH)",
			);
			outputFileListPaths = (
			);
			outputPaths = (
			);
			runOnlyForDeploymentPostprocessing = 1;
			shellPath = /bin/sh;
			shellScript = "\"${PODS_ROOT}/Fabric/run\" 000000\ncbb773d3a5407236aa1545abbd4e50cb307e1ad4e113a228e29aa479aa8abf86\n";
		};
		E1039FD2B098F4CC1D4408FB /* [CP] Check Pods Manifest.lock */ = {
			isa = PBXShellScriptBuildPhase;
			buildActionMask = 2147483647;
			files = (
			);
			inputPaths = (
				"${PODS_PODFILE_DIR_PATH}/Podfile.lock",
				"${PODS_ROOT}/Manifest.lock",
			);
			name = "[CP] Check Pods Manifest.lock";
			outputPaths = (
				"$(DERIVED_FILE_DIR)/Pods-BaseProject-checkManifestLockResult.txt",
			);
			runOnlyForDeploymentPostprocessing = 0;
			shellPath = /bin/sh;
			shellScript = "diff \"${PODS_PODFILE_DIR_PATH}/Podfile.lock\" \"${PODS_ROOT}/Manifest.lock\" > /dev/null\nif [ $? != 0 ] ; then\n    # print error to STDERR\n    echo \"error: The sandbox is not in sync with the Podfile.lock. Run 'pod install' or update your CocoaPods installation.\" >&2\n    exit 1\nfi\n# This output is used by Xcode 'outputs' to avoid re-running this script phase.\necho \"SUCCESS\" > \"${SCRIPT_OUTPUT_FILE_0}\"\n";
			showEnvVarsInLog = 0;
		};
/* End PBXShellScriptBuildPhase section */

/* Begin PBXSourcesBuildPhase section */
		FD7532852143DADD00FB5E10 /* Sources */ = {
			isa = PBXSourcesBuildPhase;
			buildActionMask = 2147483647;
			files = (
				FD7532C22144154600FB5E10 /* MainMacro.swift in Sources */,
				CB70085321489BB300D5DA92 /* UIColorExtension.swift in Sources */,
				CB70085621489BB300D5DA92 /* UIScrollViewExtension.swift in Sources */,
				CB70084E21489BB300D5DA92 /* FileManagerExtension.swift in Sources */,
				CB70085821489BB300D5DA92 /* UITableViewExtension.swift in Sources */,
				CB70085721489BB300D5DA92 /* UIStoryboardExtension.swift in Sources */,
				FD7532C02144153300FB5E10 /* BussinessMacro.swift in Sources */,
				CB70084F21489BB300D5DA92 /* IntExtension.swift in Sources */,
				FD7532C72144C40E00FB5E10 /* HttpCaller.swift in Sources */,
				CB70084C21489BB300D5DA92 /* BundleExtension.swift in Sources */,
				FD7532BE214412A200FB5E10 /* YYang-PrefixHeader.swift in Sources */,
				CB70085421489BB300D5DA92 /* UIImageExtension.swift in Sources */,
				CB70085C2148A1C100D5DA92 /* DispatchTimeExtension.swift in Sources */,
				CB70085F2148B85800D5DA92 /* HudManager.swift in Sources */,
				CB3A7E4E214A06DB00B41A99 /* BaseTabBar.swift in Sources */,
				CB70085921489BB300D5DA92 /* UIViewControllerExtension.swift in Sources */,
				CB70084D21489BB300D5DA92 /* DeviceExtension.swift in Sources */,
				CB70085521489BB300D5DA92 /* UINavigationConrollerExtension.swift in Sources */,
				CB3A7E4B2149F21E00B41A99 /* BaseTabBarController.swift in Sources */,
				CB70085221489BB300D5DA92 /* UIButtonExtension.swift in Sources */,
				CB70085121489BB300D5DA92 /* UIAlertControllerExtension.swift in Sources */,
				FD7532B321440A4600FB5E10 /* AppDelegate.swift in Sources */,
				CB70085A21489BB300D5DA92 /* UIViewExtension.swift in Sources */,
				CB70085021489BB300D5DA92 /* StringExtension.swift in Sources */,
				CB7008652148EC2500D5DA92 /* LaunchScreenManager.swift in Sources */,
				FD7532B021440A4600FB5E10 /* ViewController.swift in Sources */,
			);
			runOnlyForDeploymentPostprocessing = 0;
		};
/* End PBXSourcesBuildPhase section */

/* Begin PBXVariantGroup section */
		FD7532B521440A6A00FB5E10 /* LaunchScreen.storyboard */ = {
			isa = PBXVariantGroup;
			children = (
				FD7532B621440A6A00FB5E10 /* Base */,
			);
			name = LaunchScreen.storyboard;
			sourceTree = "<group>";
		};
		FD7532B721440A6A00FB5E10 /* Main.storyboard */ = {
			isa = PBXVariantGroup;
			children = (
				FD7532B821440A6A00FB5E10 /* Base */,
			);
			name = Main.storyboard;
			sourceTree = "<group>";
		};
/* End PBXVariantGroup section */

/* Begin XCBuildConfiguration section */
		FD7532992143DADD00FB5E10 /* Debug */ = {
			isa = XCBuildConfiguration;
			buildSettings = {
				ALWAYS_SEARCH_USER_PATHS = NO;
				CLANG_ANALYZER_NONNULL = YES;
				CLANG_ANALYZER_NUMBER_OBJECT_CONVERSION = YES_AGGRESSIVE;
				CLANG_CXX_LANGUAGE_STANDARD = "gnu++14";
				CLANG_CXX_LIBRARY = "libc++";
				CLANG_ENABLE_MODULES = YES;
				CLANG_ENABLE_OBJC_ARC = YES;
				CLANG_WARN_BLOCK_CAPTURE_AUTORELEASING = YES;
				CLANG_WARN_BOOL_CONVERSION = YES;
				CLANG_WARN_COMMA = YES;
				CLANG_WARN_CONSTANT_CONVERSION = YES;
				CLANG_WARN_DIRECT_OBJC_ISA_USAGE = YES_ERROR;
				CLANG_WARN_DOCUMENTATION_COMMENTS = YES;
				CLANG_WARN_EMPTY_BODY = YES;
				CLANG_WARN_ENUM_CONVERSION = YES;
				CLANG_WARN_INFINITE_RECURSION = YES;
				CLANG_WARN_INT_CONVERSION = YES;
				CLANG_WARN_NON_LITERAL_NULL_CONVERSION = YES;
				CLANG_WARN_OBJC_LITERAL_CONVERSION = YES;
				CLANG_WARN_OBJC_ROOT_CLASS = YES_ERROR;
				CLANG_WARN_RANGE_LOOP_ANALYSIS = YES;
				CLANG_WARN_STRICT_PROTOTYPES = YES;
				CLANG_WARN_SUSPICIOUS_MOVE = YES;
				CLANG_WARN_UNGUARDED_AVAILABILITY = YES_AGGRESSIVE;
				CLANG_WARN_UNREACHABLE_CODE = YES;
				CLANG_WARN__DUPLICATE_METHOD_MATCH = YES;
				CODE_SIGN_IDENTITY = "iPhone Developer";
				COPY_PHASE_STRIP = NO;
				DEBUG_INFORMATION_FORMAT = dwarf;
				ENABLE_STRICT_OBJC_MSGSEND = YES;
				ENABLE_TESTABILITY = YES;
				GCC_C_LANGUAGE_STANDARD = gnu11;
				GCC_DYNAMIC_NO_PIC = NO;
				GCC_NO_COMMON_BLOCKS = YES;
				GCC_OPTIMIZATION_LEVEL = 0;
				GCC_PREPROCESSOR_DEFINITIONS = (
					"DEBUG=1",
					"$(inherited)",
				);
				GCC_WARN_64_TO_32_BIT_CONVERSION = YES;
				GCC_WARN_ABOUT_RETURN_TYPE = YES_ERROR;
				GCC_WARN_UNDECLARED_SELECTOR = YES;
				GCC_WARN_UNINITIALIZED_AUTOS = YES_AGGRESSIVE;
				GCC_WARN_UNUSED_FUNCTION = YES;
				GCC_WARN_UNUSED_VARIABLE = YES;
				IPHONEOS_DEPLOYMENT_TARGET = 11.2;
				MTL_ENABLE_DEBUG_INFO = YES;
				ONLY_ACTIVE_ARCH = YES;
				SDKROOT = iphoneos;
				SWIFT_ACTIVE_COMPILATION_CONDITIONS = DEBUG;
				SWIFT_OPTIMIZATION_LEVEL = "-Onone";
			};
			name = Debug;
		};
		FD75329A2143DADD00FB5E10 /* Release */ = {
			isa = XCBuildConfiguration;
			buildSettings = {
				ALWAYS_SEARCH_USER_PATHS = NO;
				CLANG_ANALYZER_NONNULL = YES;
				CLANG_ANALYZER_NUMBER_OBJECT_CONVERSION = YES_AGGRESSIVE;
				CLANG_CXX_LANGUAGE_STANDARD = "gnu++14";
				CLANG_CXX_LIBRARY = "libc++";
				CLANG_ENABLE_MODULES = YES;
				CLANG_ENABLE_OBJC_ARC = YES;
				CLANG_WARN_BLOCK_CAPTURE_AUTORELEASING = YES;
				CLANG_WARN_BOOL_CONVERSION = YES;
				CLANG_WARN_COMMA = YES;
				CLANG_WARN_CONSTANT_CONVERSION = YES;
				CLANG_WARN_DIRECT_OBJC_ISA_USAGE = YES_ERROR;
				CLANG_WARN_DOCUMENTATION_COMMENTS = YES;
				CLANG_WARN_EMPTY_BODY = YES;
				CLANG_WARN_ENUM_CONVERSION = YES;
				CLANG_WARN_INFINITE_RECURSION = YES;
				CLANG_WARN_INT_CONVERSION = YES;
				CLANG_WARN_NON_LITERAL_NULL_CONVERSION = YES;
				CLANG_WARN_OBJC_LITERAL_CONVERSION = YES;
				CLANG_WARN_OBJC_ROOT_CLASS = YES_ERROR;
				CLANG_WARN_RANGE_LOOP_ANALYSIS = YES;
				CLANG_WARN_STRICT_PROTOTYPES = YES;
				CLANG_WARN_SUSPICIOUS_MOVE = YES;
				CLANG_WARN_UNGUARDED_AVAILABILITY = YES_AGGRESSIVE;
				CLANG_WARN_UNREACHABLE_CODE = YES;
				CLANG_WARN__DUPLICATE_METHOD_MATCH = YES;
				CODE_SIGN_IDENTITY = "iPhone Developer";
				COPY_PHASE_STRIP = NO;
				DEBUG_INFORMATION_FORMAT = "dwarf-with-dsym";
				ENABLE_NS_ASSERTIONS = NO;
				ENABLE_STRICT_OBJC_MSGSEND = YES;
				GCC_C_LANGUAGE_STANDARD = gnu11;
				GCC_NO_COMMON_BLOCKS = YES;
				GCC_WARN_64_TO_32_BIT_CONVERSION = YES;
				GCC_WARN_ABOUT_RETURN_TYPE = YES_ERROR;
				GCC_WARN_UNDECLARED_SELECTOR = YES;
				GCC_WARN_UNINITIALIZED_AUTOS = YES_AGGRESSIVE;
				GCC_WARN_UNUSED_FUNCTION = YES;
				GCC_WARN_UNUSED_VARIABLE = YES;
				IPHONEOS_DEPLOYMENT_TARGET = 11.2;
				MTL_ENABLE_DEBUG_INFO = NO;
				SDKROOT = iphoneos;
				SWIFT_OPTIMIZATION_LEVEL = "-Owholemodule";
				VALIDATE_PRODUCT = YES;
			};
			name = Release;
		};
		FD75329C2143DADD00FB5E10 /* Debug */ = {
			isa = XCBuildConfiguration;
			baseConfigurationReference = 919DCF8CB2A5E9B944499F0D /* Pods-BaseProject.debug.xcconfig */;
			buildSettings = {
				ASSETCATALOG_COMPILER_APPICON_NAME = AppIcon;
				CODE_SIGN_STYLE = Automatic;
				DEVELOPMENT_TEAM = N25J7WB4F8;
				GCC_INCREASE_PRECOMPILED_HEADER_SHARING = NO;
				GCC_PRECOMPILE_PREFIX_HEADER = NO;
				INFOPLIST_FILE = BaseProject/Resource/Plist/Info.plist;
				IPHONEOS_DEPLOYMENT_TARGET = 10.0;
				LD_RUNPATH_SEARCH_PATHS = "$(inherited) @executable_path/Frameworks";
				OTHER_SWIFT_FLAGS = "$(inherited) \"-D\" \"COCOAPODS\" -D DEBUG";
				PRODUCT_BUNDLE_IDENTIFIER = YY.BaseProject;
				PRODUCT_NAME = "$(TARGET_NAME)";
				SWIFT_VERSION = 4.0;
				TARGETED_DEVICE_FAMILY = 1;
			};
			name = Debug;
		};
		FD75329D2143DADD00FB5E10 /* Release */ = {
			isa = XCBuildConfiguration;
			baseConfigurationReference = 7520A81E163862C1095D41D8 /* Pods-BaseProject.release.xcconfig */;
			buildSettings = {
				ASSETCATALOG_COMPILER_APPICON_NAME = AppIcon;
				CODE_SIGN_STYLE = Automatic;
				DEVELOPMENT_TEAM = N25J7WB4F8;
				GCC_INCREASE_PRECOMPILED_HEADER_SHARING = NO;
				GCC_PRECOMPILE_PREFIX_HEADER = NO;
				INFOPLIST_FILE = BaseProject/Resource/Plist/Info.plist;
				IPHONEOS_DEPLOYMENT_TARGET = 10.0;
				LD_RUNPATH_SEARCH_PATHS = "$(inherited) @executable_path/Frameworks";
				PRODUCT_BUNDLE_IDENTIFIER = YY.BaseProject;
				PRODUCT_NAME = "$(TARGET_NAME)";
				SWIFT_VERSION = 4.0;
				TARGETED_DEVICE_FAMILY = 1;
			};
			name = Release;
		};
/* End XCBuildConfiguration section */

/* Begin XCConfigurationList section */
		FD7532842143DADD00FB5E10 /* Build configuration list for PBXProject "BaseProject" */ = {
			isa = XCConfigurationList;
			buildConfigurations = (
				FD7532992143DADD00FB5E10 /* Debug */,
				FD75329A2143DADD00FB5E10 /* Release */,
			);
			defaultConfigurationIsVisible = 0;
			defaultConfigurationName = Release;
		};
		FD75329B2143DADD00FB5E10 /* Build configuration list for PBXNativeTarget "BaseProject" */ = {
			isa = XCConfigurationList;
			buildConfigurations = (
				FD75329C2143DADD00FB5E10 /* Debug */,
				FD75329D2143DADD00FB5E10 /* Release */,
			);
			defaultConfigurationIsVisible = 0;
			defaultConfigurationName = Release;
		};
/* End XCConfigurationList section */
	};
	rootObject = FD7532812143DADD00FB5E10 /* Project object */;
}
