PODS:
  - Alamofire (4.7.3)
  - Crashlytics (3.10.9):
    - Fabric (~> 1.7.13)
  - Eureka (4.2.0)
  - Fabric (1.7.13)
  - IQKeyboardManagerSwift (6.1.1)
  - JGProgressHUD (2.0.3)
  - Kingfisher (4.8.1)
  - NVActivityIndicatorView (4.3.0):
    - NVActivityIndicatorView/Presenter (= 4.3.0)
  - NVActivityIndicatorView/Presenter (4.3.0)
  - SnapKit (4.0.0)
  - SwiftyJSON (4.1.0)

DEPENDENCIES:
  - Alamofire (~> 4.7)
  - Crashlytics
  - Eureka
  - Fabric
  - IQKeyboardManagerSwift
  - JGProgressHUD
  - Kingfisher (~> 4.0)
  - NVActivityIndicatorView
  - SnapKit (~> 4.0.0)
  - SwiftyJSON (~> 4.0)

SPEC REPOS:
  https://github.com/CocoaPods/Specs.git:
    - Alamofire
    - Crashlytics
    - Eureka
    - Fabric
    - IQKeyboardManagerSwift
    - JGProgressHUD
    - Kingfisher
    - NVActivityIndicatorView
    - SnapKit
    - SwiftyJSON

SPEC CHECKSUMS:
  Alamofire: c7287b6e5d7da964a70935e5db17046b7fde6568
  Crashlytics: 55e24fc23989680285a21cb1146578d9d18e432c
  Eureka: 0748c7bbb2560130e43c7bfa83e99c98854a1f42
  Fabric: 25d0963b691fc97be566392243ff0ecef5a68338
  IQKeyboardManagerSwift: 977affaeb4d6e971975c7790a6850f31d38f1207
  JGProgressHUD: 12b20a8f4ffe05258f8635c1ab92816e451f904d
  Kingfisher: 868c1149679a7ab6869be118faa9b5aed154aaf0
  NVActivityIndicatorView: 963f62bf9f993fcf23218e55958e5b1761b9504c
  SnapKit: a42d492c16e80209130a3379f73596c3454b7694
  SwiftyJSON: c29297daf073d2aa016295d5809cdd68045c39b3

PODFILE CHECKSUM: 685bc154af48e7585573cbd970b57f5744e8f9d6

COCOAPODS: 1.5.0
