// !$*UTF8*$!
{
	archiveVersion = 1;
	classes = {
	};
	objectVersion = 46;
	objects = {

/* Begin PBXBuildFile section */
		FD64CBBE1E287497000D0E27 /* AppDelegate.swift in Sources */ = {isa = PBXBuildFile; fileRef = FD64CBBD1E287497000D0E27 /* AppDelegate.swift */; };
		FD64CBC01E287497000D0E27 /* ViewController.swift in Sources */ = {isa = PBXBuildFile; fileRef = FD64CBBF1E287497000D0E27 /* ViewController.swift */; };
		FD64CBC31E287497000D0E27 /* Main.storyboard in Resources */ = {isa = PBXBuildFile; fileRef = FD64CBC11E287497000D0E27 /* Main.storyboard */; };
		FD64CBC51E287497000D0E27 /* Assets.xcassets in Resources */ = {isa = PBXBuildFile; fileRef = FD64CBC41E287497000D0E27 /* Assets.xcassets */; };
		FD64CBC81E287497000D0E27 /* LaunchScreen.storyboard in Resources */ = {isa = PBXBuildFile; fileRef = FD64CBC61E287497000D0E27 /* LaunchScreen.storyboard */; };
		FDEA01781E2CA901005431BC /* CalculatorBrain.swift in Sources */ = {isa = PBXBuildFile; fileRef = FDEA01771E2CA901005431BC /* CalculatorBrain.swift */; };
/* End PBXBuildFile section */

/* Begin PBXFileReference section */
		FD64CBBA1E287497000D0E27 /* Calculator.app */ = {isa = PBXFileReference; explicitFileType = wrapper.application; includeInIndex = 0; path = Calculator.app; sourceTree = BUILT_PRODUCTS_DIR; };
		FD64CBBD1E287497000D0E27 /* AppDelegate.swift */ = {isa = PBXFileReference; lastKnownFileType = sourcecode.swift; path = AppDelegate.swift; sourceTree = "<group>"; };
		FD64CBBF1E287497000D0E27 /* ViewController.swift */ = {isa = PBXFileReference; lastKnownFileType = sourcecode.swift; path = ViewController.swift; sourceTree = "<group>"; };
		FD64CBC21E287497000D0E27 /* Base */ = {isa = PBXFileReference; lastKnownFileType = file.storyboard; name = Base; path = Base.lproj/Main.storyboard; sourceTree = "<group>"; };
		FD64CBC41E287497000D0E27 /* Assets.xcassets */ = {isa = PBXFileReference; lastKnownFileType = folder.assetcatalog; path = Assets.xcassets; sourceTree = "<group>"; };
		FD64CBC71E287497000D0E27 /* Base */ = {isa = PBXFileReference; lastKnownFileType = file.storyboard; name = Base; path = Base.lproj/LaunchScreen.storyboard; sourceTree = "<group>"; };
		FD64CBC91E287497000D0E27 /* Info.plist */ = {isa = PBXFileReference; lastKnownFileType = text.plist.xml; path = Info.plist; sourceTree = "<group>"; };
		FDEA01771E2CA901005431BC /* CalculatorBrain.swift */ = {isa = PBXFileReference; fileEncoding = 4; lastKnownFileType = sourcecode.swift; path = CalculatorBrain.swift; sourceTree = "<group>"; };
/* End PBXFileReference section */

/* Begin PBXFrameworksBuildPhase section */
		FD64CBB71E287495000D0E27 /* Frameworks */ = {
			isa = PBXFrameworksBuildPhase;
			buildActionMask = 2147483647;
			files = (
			);
			runOnlyForDeploymentPostprocessing = 0;
		};
/* End PBXFrameworksBuildPhase section */

/* Begin PBXGroup section */
		FD64CBB11E287495000D0E27 = {
			isa = PBXGroup;
			children = (
				FD64CBBC1E287497000D0E27 /* MyFirstSwift */,
				FD64CBBB1E287497000D0E27 /* Products */,
			);
			sourceTree = "<group>";
		};
		FD64CBBB1E287497000D0E27 /* Products */ = {
			isa = PBXGroup;
			children = (
				FD64CBBA1E287497000D0E27 /* Calculator.app */,
			);
			name = Products;
			sourceTree = "<group>";
		};
		FD64CBBC1E287497000D0E27 /* MyFirstSwift */ = {
			isa = PBXGroup;
			children = (
				FD64CBBD1E287497000D0E27 /* AppDelegate.swift */,
				FD64CBBF1E287497000D0E27 /* ViewController.swift */,
				FD64CBC11E287497000D0E27 /* Main.storyboard */,
				FD64CBC41E287497000D0E27 /* Assets.xcassets */,
				FD64CBC61E287497000D0E27 /* LaunchScreen.storyboard */,
				FD64CBC91E287497000D0E27 /* Info.plist */,
				FDEA01771E2CA901005431BC /* CalculatorBrain.swift */,
			);
			path = MyFirstSwift;
			sourceTree = "<group>";
		};
/* End PBXGroup section */

/* Begin PBXNativeTarget section */
		FD64CBB91E287495000D0E27 /* Calculator */ = {
			isa = PBXNativeTarget;
			buildConfigurationList = FD64CBCC1E287497000D0E27 /* Build configuration list for PBXNativeTarget "Calculator" */;
			buildPhases = (
				FD64CBB61E287495000D0E27 /* Sources */,
				FD64CBB71E287495000D0E27 /* Frameworks */,
				FD64CBB81E287495000D0E27 /* Resources */,
			);
			buildRules = (
			);
			dependencies = (
			);
			name = Calculator;
			productName = MyFirstSwift;
			productReference = FD64CBBA1E287497000D0E27 /* Calculator.app */;
			productType = "com.apple.product-type.application";
		};
/* End PBXNativeTarget section */

/* Begin PBXProject section */
		FD64CBB21E287495000D0E27 /* Project object */ = {
			isa = PBXProject;
			attributes = {
				LastSwiftUpdateCheck = 0820;
				LastUpgradeCheck = 0820;
				ORGANIZATIONNAME = YYang;
				TargetAttributes = {
					FD64CBB91E287495000D0E27 = {
						CreatedOnToolsVersion = 8.2.1;
						DevelopmentTeam = N25J7WB4F8;
						ProvisioningStyle = Automatic;
					};
				};
			};
			buildConfigurationList = FD64CBB51E287495000D0E27 /* Build configuration list for PBXProject "Calculator" */;
			compatibilityVersion = "Xcode 3.2";
			developmentRegion = English;
			hasScannedForEncodings = 0;
			knownRegions = (
				en,
				Base,
			);
			mainGroup = FD64CBB11E287495000D0E27;
			productRefGroup = FD64CBBB1E287497000D0E27 /* Products */;
			projectDirPath = "";
			projectRoot = "";
			targets = (
				FD64CBB91E287495000D0E27 /* Calculator */,
			);
		};
/* End PBXProject section */

/* Begin PBXResourcesBuildPhase section */
		FD64CBB81E287495000D0E27 /* Resources */ = {
			isa = PBXResourcesBuildPhase;
			buildActionMask = 2147483647;
			files = (
				FD64CBC81E287497000D0E27 /* LaunchScreen.storyboard in Resources */,
				FD64CBC51E287497000D0E27 /* Assets.xcassets in Resources */,
				FD64CBC31E287497000D0E27 /* Main.storyboard in Resources */,
			);
			runOnlyForDeploymentPostprocessing = 0;
		};
/* End PBXResourcesBuildPhase section */

/* Begin PBXSourcesBuildPhase section */
		FD64CBB61E287495000D0E27 /* Sources */ = {
			isa = PBXSourcesBuildPhase;
			buildActionMask = 2147483647;
			files = (
				FDEA01781E2CA901005431BC /* CalculatorBrain.swift in Sources */,
				FD64CBC01E287497000D0E27 /* ViewController.swift in Sources */,
				FD64CBBE1E287497000D0E27 /* AppDelegate.swift in Sources */,
			);
			runOnlyForDeploymentPostprocessing = 0;
		};
/* End PBXSourcesBuildPhase section */

/* Begin PBXVariantGroup section */
		FD64CBC11E287497000D0E27 /* Main.storyboard */ = {
			isa = PBXVariantGroup;
			children = (
				FD64CBC21E287497000D0E27 /* Base */,
			);
			name = Main.storyboard;
			sourceTree = "<group>";
		};
		FD64CBC61E287497000D0E27 /* LaunchScreen.storyboard */ = {
			isa = PBXVariantGroup;
			children = (
				FD64CBC71E287497000D0E27 /* Base */,
			);
			name = LaunchScreen.storyboard;
			sourceTree = "<group>";
		};
/* End PBXVariantGroup section */

/* Begin XCBuildConfiguration section */
		FD64CBCA1E287497000D0E27 /* Debug */ = {
			isa = XCBuildConfiguration;
			buildSettings = {
				ALWAYS_SEARCH_USER_PATHS = NO;
				CLANG_ANALYZER_NONNULL = YES;
				CLANG_CXX_LANGUAGE_STANDARD = "gnu++0x";
				CLANG_CXX_LIBRARY = "libc++";
				CLANG_ENABLE_MODULES = YES;
				CLANG_ENABLE_OBJC_ARC = YES;
				CLANG_WARN_BOOL_CONVERSION = YES;
				CLANG_WARN_CONSTANT_CONVERSION = YES;
				CLANG_WARN_DIRECT_OBJC_ISA_USAGE = YES_ERROR;
				CLANG_WARN_DOCUMENTATION_COMMENTS = YES;
				CLANG_WARN_EMPTY_BODY = YES;
				CLANG_WARN_ENUM_CONVERSION = YES;
				CLANG_WARN_INFINITE_RECURSION = YES;
				CLANG_WARN_INT_CONVERSION = YES;
				CLANG_WARN_OBJC_ROOT_CLASS = YES_ERROR;
				CLANG_WARN_SUSPICIOUS_MOVE = YES;
				CLANG_WARN_UNREACHABLE_CODE = YES;
				CLANG_WARN__DUPLICATE_METHOD_MATCH = YES;
				"CODE_SIGN_IDENTITY[sdk=iphoneos*]" = "iPhone Developer";
				COPY_PHASE_STRIP = NO;
				DEBUG_INFORMATION_FORMAT = dwarf;
				ENABLE_STRICT_OBJC_MSGSEND = YES;
				ENABLE_TESTABILITY = YES;
				GCC_C_LANGUAGE_STANDARD = gnu99;
				GCC_DYNAMIC_NO_PIC = NO;
				GCC_NO_COMMON_BLOCKS = YES;
				GCC_OPTIMIZATION_LEVEL = 0;
				GCC_PREPROCESSOR_DEFINITIONS = (
					"DEBUG=1",
					"$(inherited)",
				);
				GCC_WARN_64_TO_32_BIT_CONVERSION = YES;
				GCC_WARN_ABOUT_RETURN_TYPE = YES_ERROR;
				GCC_WARN_UNDECLARED_SELECTOR = YES;
				GCC_WARN_UNINITIALIZED_AUTOS = YES_AGGRESSIVE;
				GCC_WARN_UNUSED_FUNCTION = YES;
				GCC_WARN_UNUSED_VARIABLE = YES;
				IPHONEOS_DEPLOYMENT_TARGET = 10.2;
				MTL_ENABLE_DEBUG_INFO = YES;
				ONLY_ACTIVE_ARCH = YES;
				SDKROOT = iphoneos;
				SWIFT_ACTIVE_COMPILATION_CONDITIONS = DEBUG;
				SWIFT_OPTIMIZATION_LEVEL = "-Onone";
			};
			name = Debug;
		};
		FD64CBCB1E287497000D0E27 /* Release */ = {
			isa = XCBuildConfiguration;
			buildSettings = {
				ALWAYS_SEARCH_USER_PATHS = NO;
				CLANG_ANALYZER_NONNULL = YES;
				CLANG_CXX_LANGUAGE_STANDARD = "gnu++0x";
				CLANG_CXX_LIBRARY = "libc++";
				CLANG_ENABLE_MODULES = YES;
				CLANG_ENABLE_OBJC_ARC = YES;
				CLANG_WARN_BOOL_CONVERSION = YES;
				CLANG_WARN_CONSTANT_CONVERSION = YES;
				CLANG_WARN_DIRECT_OBJC_ISA_USAGE = YES_ERROR;
				CLANG_WARN_DOCUMENTATION_COMMENTS = YES;
				CLANG_WARN_EMPTY_BODY = YES;
				CLANG_WARN_ENUM_CONVERSION = YES;
				CLANG_WARN_INFINITE_RECURSION = YES;
				CLANG_WARN_INT_CONVERSION = YES;
				CLANG_WARN_OBJC_ROOT_CLASS = YES_ERROR;
				CLANG_WARN_SUSPICIOUS_MOVE = YES;
				CLANG_WARN_UNREACHABLE_CODE = YES;
				CLANG_WARN__DUPLICATE_METHOD_MATCH = YES;
				"CODE_SIGN_IDENTITY[sdk=iphoneos*]" = "iPhone Developer";
				COPY_PHASE_STRIP = NO;
				DEBUG_INFORMATION_FORMAT = "dwarf-with-dsym";
				ENABLE_NS_ASSERTIONS = NO;
				ENABLE_STRICT_OBJC_MSGSEND = YES;
				GCC_C_LANGUAGE_STANDARD = gnu99;
				GCC_NO_COMMON_BLOCKS = YES;
				GCC_WARN_64_TO_32_BIT_CONVERSION = YES;
				GCC_WARN_ABOUT_RETURN_TYPE = YES_ERROR;
				GCC_WARN_UNDECLARED_SELECTOR = YES;
				GCC_WARN_UNINITIALIZED_AUTOS = YES_AGGRESSIVE;
				GCC_WARN_UNUSED_FUNCTION = YES;
				GCC_WARN_UNUSED_VARIABLE = YES;
				IPHONEOS_DEPLOYMENT_TARGET = 10.2;
				MTL_ENABLE_DEBUG_INFO = NO;
				SDKROOT = iphoneos;
				SWIFT_OPTIMIZATION_LEVEL = "-Owholemodule";
				VALIDATE_PRODUCT = YES;
			};
			name = Release;
		};
		FD64CBCD1E287497000D0E27 /* Debug */ = {
			isa = XCBuildConfiguration;
			buildSettings = {
				ASSETCATALOG_COMPILER_APPICON_NAME = AppIcon;
				DEVELOPMENT_TEAM = N25J7WB4F8;
				INFOPLIST_FILE = MyFirstSwift/Info.plist;
				IPHONEOS_DEPLOYMENT_TARGET = 9.0;
				LD_RUNPATH_SEARCH_PATHS = "$(inherited) @executable_path/Frameworks";
				PRODUCT_BUNDLE_IDENTIFIER = YY.MyFirstSwift;
				PRODUCT_NAME = "$(TARGET_NAME)";
				SWIFT_VERSION = 3.0;
			};
			name = Debug;
		};
		FD64CBCE1E287497000D0E27 /* Release */ = {
			isa = XCBuildConfiguration;
			buildSettings = {
				ASSETCATALOG_COMPILER_APPICON_NAME = AppIcon;
				DEVELOPMENT_TEAM = N25J7WB4F8;
				INFOPLIST_FILE = MyFirstSwift/Info.plist;
				IPHONEOS_DEPLOYMENT_TARGET = 9.0;
				LD_RUNPATH_SEARCH_PATHS = "$(inherited) @executable_path/Frameworks";
				PRODUCT_BUNDLE_IDENTIFIER = YY.MyFirstSwift;
				PRODUCT_NAME = "$(TARGET_NAME)";
				SWIFT_VERSION = 3.0;
			};
			name = Release;
		};
/* End XCBuildConfiguration section */

/* Begin XCConfigurationList section */
		FD64CBB51E287495000D0E27 /* Build configuration list for PBXProject "Calculator" */ = {
			isa = XCConfigurationList;
			buildConfigurations = (
				FD64CBCA1E287497000D0E27 /* Debug */,
				FD64CBCB1E287497000D0E27 /* Release */,
			);
			defaultConfigurationIsVisible = 0;
			defaultConfigurationName = Release;
		};
		FD64CBCC1E287497000D0E27 /* Build configuration list for PBXNativeTarget "Calculator" */ = {
			isa = XCConfigurationList;
			buildConfigurations = (
				FD64CBCD1E287497000D0E27 /* Debug */,
				FD64CBCE1E287497000D0E27 /* Release */,
			);
			defaultConfigurationIsVisible = 0;
			defaultConfigurationName = Release;
		};
/* End XCConfigurationList section */
	};
	rootObject = FD64CBB21E287495000D0E27 /* Project object */;
}
