// !$*UTF8*$!
{
	archiveVersion = 1;
	classes = {
	};
	objectVersion = 50;
	objects = {

/* Begin PBXBuildFile section */
		CB58E16621630F1500AB8BEA /* RxObjectMapper.swift in Sources */ = {isa = PBXBuildFile; fileRef = CB58E16521630F1500AB8BEA /* RxObjectMapper.swift */; };
		CB58E16821630F6E00AB8BEA /* DouBanModel.swift in Sources */ = {isa = PBXBuildFile; fileRef = CB58E16721630F6E00AB8BEA /* DouBanModel.swift */; };
		CB5902DE215A12B80041DA39 /* AppDelegate.swift in Sources */ = {isa = PBXBuildFile; fileRef = CB5902DD215A12B80041DA39 /* AppDelegate.swift */; };
		CB5902E0215A12B80041DA39 /* ViewController.swift in Sources */ = {isa = PBXBuildFile; fileRef = CB5902DF215A12B80041DA39 /* ViewController.swift */; };
		CB5902E3215A12B80041DA39 /* Main.storyboard in Resources */ = {isa = PBXBuildFile; fileRef = CB5902E1215A12B80041DA39 /* Main.storyboard */; };
		CB5902E5215A12BA0041DA39 /* Assets.xcassets in Resources */ = {isa = PBXBuildFile; fileRef = CB5902E4215A12BA0041DA39 /* Assets.xcassets */; };
		CB5902E8215A12BA0041DA39 /* LaunchScreen.storyboard in Resources */ = {isa = PBXBuildFile; fileRef = CB5902E6215A12BA0041DA39 /* LaunchScreen.storyboard */; };
		CB5902F0215B20FC0041DA39 /* SevenViewController.swift in Sources */ = {isa = PBXBuildFile; fileRef = CB5902EF215B20FC0041DA39 /* SevenViewController.swift */; };
		CB5902F2215B22930041DA39 /* SwiftPchFile.swift in Sources */ = {isa = PBXBuildFile; fileRef = CB5902F1215B22930041DA39 /* SwiftPchFile.swift */; };
		CB71D048215B4D890094D2F8 /* FifteenthViewController.swift in Sources */ = {isa = PBXBuildFile; fileRef = CB71D047215B4D890094D2F8 /* FifteenthViewController.swift */; };
		CBCD50EF215CA12700BCF544 /* ThirtyViewController.swift in Sources */ = {isa = PBXBuildFile; fileRef = CBCD50EE215CA12700BCF544 /* ThirtyViewController.swift */; };
		DA201B71D4DFFB6783DBADF9 /* Pods_MyRxSwift.framework in Frameworks */ = {isa = PBXBuildFile; fileRef = B6E8331C38EF3A841FB397B9 /* Pods_MyRxSwift.framework */; };
/* End PBXBuildFile section */

/* Begin PBXFileReference section */
		151DB66163C2E5B8C62E9F3B /* Pods-MyRxSwift.release.xcconfig */ = {isa = PBXFileReference; includeInIndex = 1; lastKnownFileType = text.xcconfig; name = "Pods-MyRxSwift.release.xcconfig"; path = "Pods/Target Support Files/Pods-MyRxSwift/Pods-MyRxSwift.release.xcconfig"; sourceTree = "<group>"; };
		B6E8331C38EF3A841FB397B9 /* Pods_MyRxSwift.framework */ = {isa = PBXFileReference; explicitFileType = wrapper.framework; includeInIndex = 0; path = Pods_MyRxSwift.framework; sourceTree = BUILT_PRODUCTS_DIR; };
		C2C5B3D898B033C6E59196B5 /* Pods-MyRxSwift.debug.xcconfig */ = {isa = PBXFileReference; includeInIndex = 1; lastKnownFileType = text.xcconfig; name = "Pods-MyRxSwift.debug.xcconfig"; path = "Pods/Target Support Files/Pods-MyRxSwift/Pods-MyRxSwift.debug.xcconfig"; sourceTree = "<group>"; };
		CB58E16521630F1500AB8BEA /* RxObjectMapper.swift */ = {isa = PBXFileReference; lastKnownFileType = sourcecode.swift; path = RxObjectMapper.swift; sourceTree = "<group>"; };
		CB58E16721630F6E00AB8BEA /* DouBanModel.swift */ = {isa = PBXFileReference; lastKnownFileType = sourcecode.swift; path = DouBanModel.swift; sourceTree = "<group>"; };
		CB5902DA215A12B80041DA39 /* MyRxSwift.app */ = {isa = PBXFileReference; explicitFileType = wrapper.application; includeInIndex = 0; path = MyRxSwift.app; sourceTree = BUILT_PRODUCTS_DIR; };
		CB5902DD215A12B80041DA39 /* AppDelegate.swift */ = {isa = PBXFileReference; lastKnownFileType = sourcecode.swift; path = AppDelegate.swift; sourceTree = "<group>"; };
		CB5902DF215A12B80041DA39 /* ViewController.swift */ = {isa = PBXFileReference; lastKnownFileType = sourcecode.swift; path = ViewController.swift; sourceTree = "<group>"; };
		CB5902E2215A12B80041DA39 /* Base */ = {isa = PBXFileReference; lastKnownFileType = file.storyboard; name = Base; path = Base.lproj/Main.storyboard; sourceTree = "<group>"; };
		CB5902E4215A12BA0041DA39 /* Assets.xcassets */ = {isa = PBXFileReference; lastKnownFileType = folder.assetcatalog; path = Assets.xcassets; sourceTree = "<group>"; };
		CB5902E7215A12BA0041DA39 /* Base */ = {isa = PBXFileReference; lastKnownFileType = file.storyboard; name = Base; path = Base.lproj/LaunchScreen.storyboard; sourceTree = "<group>"; };
		CB5902E9215A12BA0041DA39 /* Info.plist */ = {isa = PBXFileReference; lastKnownFileType = text.plist.xml; path = Info.plist; sourceTree = "<group>"; };
		CB5902EF215B20FC0041DA39 /* SevenViewController.swift */ = {isa = PBXFileReference; lastKnownFileType = sourcecode.swift; path = SevenViewController.swift; sourceTree = "<group>"; };
		CB5902F1215B22930041DA39 /* SwiftPchFile.swift */ = {isa = PBXFileReference; lastKnownFileType = sourcecode.swift; path = SwiftPchFile.swift; sourceTree = "<group>"; };
		CB71D047215B4D890094D2F8 /* FifteenthViewController.swift */ = {isa = PBXFileReference; lastKnownFileType = sourcecode.swift; path = FifteenthViewController.swift; sourceTree = "<group>"; };
		CBCD50EE215CA12700BCF544 /* ThirtyViewController.swift */ = {isa = PBXFileReference; lastKnownFileType = sourcecode.swift; path = ThirtyViewController.swift; sourceTree = "<group>"; };
/* End PBXFileReference section */

/* Begin PBXFrameworksBuildPhase section */
		CB5902D7215A12B80041DA39 /* Frameworks */ = {
			isa = PBXFrameworksBuildPhase;
			buildActionMask = 2147483647;
			files = (
				DA201B71D4DFFB6783DBADF9 /* Pods_MyRxSwift.framework in Frameworks */,
			);
			runOnlyForDeploymentPostprocessing = 0;
		};
/* End PBXFrameworksBuildPhase section */

/* Begin PBXGroup section */
		6E87326055187D0096D79675 /* Frameworks */ = {
			isa = PBXGroup;
			children = (
				B6E8331C38EF3A841FB397B9 /* Pods_MyRxSwift.framework */,
			);
			name = Frameworks;
			sourceTree = "<group>";
		};
		7B1BD40457041DD6DDCBB7ED /* Pods */ = {
			isa = PBXGroup;
			children = (
				C2C5B3D898B033C6E59196B5 /* Pods-MyRxSwift.debug.xcconfig */,
				151DB66163C2E5B8C62E9F3B /* Pods-MyRxSwift.release.xcconfig */,
			);
			name = Pods;
			sourceTree = "<group>";
		};
		CB5902D1215A12B80041DA39 = {
			isa = PBXGroup;
			children = (
				CB5902DC215A12B80041DA39 /* MyRxSwift */,
				CB5902DB215A12B80041DA39 /* Products */,
				7B1BD40457041DD6DDCBB7ED /* Pods */,
				6E87326055187D0096D79675 /* Frameworks */,
			);
			sourceTree = "<group>";
		};
		CB5902DB215A12B80041DA39 /* Products */ = {
			isa = PBXGroup;
			children = (
				CB5902DA215A12B80041DA39 /* MyRxSwift.app */,
			);
			name = Products;
			sourceTree = "<group>";
		};
		CB5902DC215A12B80041DA39 /* MyRxSwift */ = {
			isa = PBXGroup;
			children = (
				CB5902DD215A12B80041DA39 /* AppDelegate.swift */,
				CB5902DF215A12B80041DA39 /* ViewController.swift */,
				CB5902E1215A12B80041DA39 /* Main.storyboard */,
				CB5902E4215A12BA0041DA39 /* Assets.xcassets */,
				CB5902E6215A12BA0041DA39 /* LaunchScreen.storyboard */,
				CB5902E9215A12BA0041DA39 /* Info.plist */,
				CB5902EF215B20FC0041DA39 /* SevenViewController.swift */,
				CB5902F1215B22930041DA39 /* SwiftPchFile.swift */,
				CB71D047215B4D890094D2F8 /* FifteenthViewController.swift */,
				CBCD50EE215CA12700BCF544 /* ThirtyViewController.swift */,
				CB58E16521630F1500AB8BEA /* RxObjectMapper.swift */,
				CB58E16721630F6E00AB8BEA /* DouBanModel.swift */,
			);
			path = MyRxSwift;
			sourceTree = "<group>";
		};
/* End PBXGroup section */

/* Begin PBXNativeTarget section */
		CB5902D9215A12B80041DA39 /* MyRxSwift */ = {
			isa = PBXNativeTarget;
			buildConfigurationList = CB5902EC215A12BA0041DA39 /* Build configuration list for PBXNativeTarget "MyRxSwift" */;
			buildPhases = (
				910D744857A83D89F6A31A50 /* [CP] Check Pods Manifest.lock */,
				CB5902D6215A12B80041DA39 /* Sources */,
				CB5902D7215A12B80041DA39 /* Frameworks */,
				CB5902D8215A12B80041DA39 /* Resources */,
				7676D041123608EAD2C6B848 /* [CP] Embed Pods Frameworks */,
			);
			buildRules = (
			);
			dependencies = (
			);
			name = MyRxSwift;
			productName = MyRxSwift;
			productReference = CB5902DA215A12B80041DA39 /* MyRxSwift.app */;
			productType = "com.apple.product-type.application";
		};
/* End PBXNativeTarget section */

/* Begin PBXProject section */
		CB5902D2215A12B80041DA39 /* Project object */ = {
			isa = PBXProject;
			attributes = {
				LastSwiftUpdateCheck = 0940;
				LastUpgradeCheck = 0940;
				ORGANIZATIONNAME = Drag;
				TargetAttributes = {
					CB5902D9215A12B80041DA39 = {
						CreatedOnToolsVersion = 9.4.1;
					};
				};
			};
			buildConfigurationList = CB5902D5215A12B80041DA39 /* Build configuration list for PBXProject "MyRxSwift" */;
			compatibilityVersion = "Xcode 9.3";
			developmentRegion = en;
			hasScannedForEncodings = 0;
			knownRegions = (
				en,
				Base,
			);
			mainGroup = CB5902D1215A12B80041DA39;
			productRefGroup = CB5902DB215A12B80041DA39 /* Products */;
			projectDirPath = "";
			projectRoot = "";
			targets = (
				CB5902D9215A12B80041DA39 /* MyRxSwift */,
			);
		};
/* End PBXProject section */

/* Begin PBXResourcesBuildPhase section */
		CB5902D8215A12B80041DA39 /* Resources */ = {
			isa = PBXResourcesBuildPhase;
			buildActionMask = 2147483647;
			files = (
				CB5902E8215A12BA0041DA39 /* LaunchScreen.storyboard in Resources */,
				CB5902E5215A12BA0041DA39 /* Assets.xcassets in Resources */,
				CB5902E3215A12B80041DA39 /* Main.storyboard in Resources */,
			);
			runOnlyForDeploymentPostprocessing = 0;
		};
/* End PBXResourcesBuildPhase section */

/* Begin PBXShellScriptBuildPhase section */
		7676D041123608EAD2C6B848 /* [CP] Embed Pods Frameworks */ = {
			isa = PBXShellScriptBuildPhase;
			buildActionMask = 2147483647;
			files = (
			);
			inputPaths = (
				"${SRCROOT}/Pods/Target Support Files/Pods-MyRxSwift/Pods-MyRxSwift-frameworks.sh",
				"${BUILT_PRODUCTS_DIR}/Alamofire/Alamofire.framework",
				"${BUILT_PRODUCTS_DIR}/Differentiator/Differentiator.framework",
				"${BUILT_PRODUCTS_DIR}/Moya/Moya.framework",
				"${BUILT_PRODUCTS_DIR}/ObjectMapper/ObjectMapper.framework",
				"${BUILT_PRODUCTS_DIR}/Result/Result.framework",
				"${BUILT_PRODUCTS_DIR}/RxAlamofire/RxAlamofire.framework",
				"${BUILT_PRODUCTS_DIR}/RxCocoa/RxCocoa.framework",
				"${BUILT_PRODUCTS_DIR}/RxDataSources/RxDataSources.framework",
				"${BUILT_PRODUCTS_DIR}/RxSwift/RxSwift.framework",
			);
			name = "[CP] Embed Pods Frameworks";
			outputPaths = (
				"${TARGET_BUILD_DIR}/${FRAMEWORKS_FOLDER_PATH}/Alamofire.framework",
				"${TARGET_BUILD_DIR}/${FRAMEWORKS_FOLDER_PATH}/Differentiator.framework",
				"${TARGET_BUILD_DIR}/${FRAMEWORKS_FOLDER_PATH}/Moya.framework",
				"${TARGET_BUILD_DIR}/${FRAMEWORKS_FOLDER_PATH}/ObjectMapper.framework",
				"${TARGET_BUILD_DIR}/${FRAMEWORKS_FOLDER_PATH}/Result.framework",
				"${TARGET_BUILD_DIR}/${FRAMEWORKS_FOLDER_PATH}/RxAlamofire.framework",
				"${TARGET_BUILD_DIR}/${FRAMEWORKS_FOLDER_PATH}/RxCocoa.framework",
				"${TARGET_BUILD_DIR}/${FRAMEWORKS_FOLDER_PATH}/RxDataSources.framework",
				"${TARGET_BUILD_DIR}/${FRAMEWORKS_FOLDER_PATH}/RxSwift.framework",
			);
			runOnlyForDeploymentPostprocessing = 0;
			shellPath = /bin/sh;
			shellScript = "\"${SRCROOT}/Pods/Target Support Files/Pods-MyRxSwift/Pods-MyRxSwift-frameworks.sh\"\n";
			showEnvVarsInLog = 0;
		};
		910D744857A83D89F6A31A50 /* [CP] Check Pods Manifest.lock */ = {
			isa = PBXShellScriptBuildPhase;
			buildActionMask = 2147483647;
			files = (
			);
			inputPaths = (
				"${PODS_PODFILE_DIR_PATH}/Podfile.lock",
				"${PODS_ROOT}/Manifest.lock",
			);
			name = "[CP] Check Pods Manifest.lock";
			outputPaths = (
				"$(DERIVED_FILE_DIR)/Pods-MyRxSwift-checkManifestLockResult.txt",
			);
			runOnlyForDeploymentPostprocessing = 0;
			shellPath = /bin/sh;
			shellScript = "diff \"${PODS_PODFILE_DIR_PATH}/Podfile.lock\" \"${PODS_ROOT}/Manifest.lock\" > /dev/null\nif [ $? != 0 ] ; then\n    # print error to STDERR\n    echo \"error: The sandbox is not in sync with the Podfile.lock. Run 'pod install' or update your CocoaPods installation.\" >&2\n    exit 1\nfi\n# This output is used by Xcode 'outputs' to avoid re-running this script phase.\necho \"SUCCESS\" > \"${SCRIPT_OUTPUT_FILE_0}\"\n";
			showEnvVarsInLog = 0;
		};
/* End PBXShellScriptBuildPhase section */

/* Begin PBXSourcesBuildPhase section */
		CB5902D6215A12B80041DA39 /* Sources */ = {
			isa = PBXSourcesBuildPhase;
			buildActionMask = 2147483647;
			files = (
				CB71D048215B4D890094D2F8 /* FifteenthViewController.swift in Sources */,
				CB5902E0215A12B80041DA39 /* ViewController.swift in Sources */,
				CB5902F2215B22930041DA39 /* SwiftPchFile.swift in Sources */,
				CB5902F0215B20FC0041DA39 /* SevenViewController.swift in Sources */,
				CBCD50EF215CA12700BCF544 /* ThirtyViewController.swift in Sources */,
				CB5902DE215A12B80041DA39 /* AppDelegate.swift in Sources */,
				CB58E16821630F6E00AB8BEA /* DouBanModel.swift in Sources */,
				CB58E16621630F1500AB8BEA /* RxObjectMapper.swift in Sources */,
			);
			runOnlyForDeploymentPostprocessing = 0;
		};
/* End PBXSourcesBuildPhase section */

/* Begin PBXVariantGroup section */
		CB5902E1215A12B80041DA39 /* Main.storyboard */ = {
			isa = PBXVariantGroup;
			children = (
				CB5902E2215A12B80041DA39 /* Base */,
			);
			name = Main.storyboard;
			sourceTree = "<group>";
		};
		CB5902E6215A12BA0041DA39 /* LaunchScreen.storyboard */ = {
			isa = PBXVariantGroup;
			children = (
				CB5902E7215A12BA0041DA39 /* Base */,
			);
			name = LaunchScreen.storyboard;
			sourceTree = "<group>";
		};
/* End PBXVariantGroup section */

/* Begin XCBuildConfiguration section */
		CB5902EA215A12BA0041DA39 /* Debug */ = {
			isa = XCBuildConfiguration;
			buildSettings = {
				ALWAYS_SEARCH_USER_PATHS = NO;
				CLANG_ANALYZER_NONNULL = YES;
				CLANG_ANALYZER_NUMBER_OBJECT_CONVERSION = YES_AGGRESSIVE;
				CLANG_CXX_LANGUAGE_STANDARD = "gnu++14";
				CLANG_CXX_LIBRARY = "libc++";
				CLANG_ENABLE_MODULES = YES;
				CLANG_ENABLE_OBJC_ARC = YES;
				CLANG_ENABLE_OBJC_WEAK = YES;
				CLANG_WARN_BLOCK_CAPTURE_AUTORELEASING = YES;
				CLANG_WARN_BOOL_CONVERSION = YES;
				CLANG_WARN_COMMA = YES;
				CLANG_WARN_CONSTANT_CONVERSION = YES;
				CLANG_WARN_DEPRECATED_OBJC_IMPLEMENTATIONS = YES;
				CLANG_WARN_DIRECT_OBJC_ISA_USAGE = YES_ERROR;
				CLANG_WARN_DOCUMENTATION_COMMENTS = YES;
				CLANG_WARN_EMPTY_BODY = YES;
				CLANG_WARN_ENUM_CONVERSION = YES;
				CLANG_WARN_INFINITE_RECURSION = YES;
				CLANG_WARN_INT_CONVERSION = YES;
				CLANG_WARN_NON_LITERAL_NULL_CONVERSION = YES;
				CLANG_WARN_OBJC_IMPLICIT_RETAIN_SELF = YES;
				CLANG_WARN_OBJC_LITERAL_CONVERSION = YES;
				CLANG_WARN_OBJC_ROOT_CLASS = YES_ERROR;
				CLANG_WARN_RANGE_LOOP_ANALYSIS = YES;
				CLANG_WARN_STRICT_PROTOTYPES = YES;
				CLANG_WARN_SUSPICIOUS_MOVE = YES;
				CLANG_WARN_UNGUARDED_AVAILABILITY = YES_AGGRESSIVE;
				CLANG_WARN_UNREACHABLE_CODE = YES;
				CLANG_WARN__DUPLICATE_METHOD_MATCH = YES;
				CODE_SIGN_IDENTITY = "iPhone Developer";
				COPY_PHASE_STRIP = NO;
				DEBUG_INFORMATION_FORMAT = dwarf;
				ENABLE_STRICT_OBJC_MSGSEND = YES;
				ENABLE_TESTABILITY = YES;
				GCC_C_LANGUAGE_STANDARD = gnu11;
				GCC_DYNAMIC_NO_PIC = NO;
				GCC_NO_COMMON_BLOCKS = YES;
				GCC_OPTIMIZATION_LEVEL = 0;
				GCC_PREPROCESSOR_DEFINITIONS = (
					"DEBUG=1",
					"$(inherited)",
				);
				GCC_WARN_64_TO_32_BIT_CONVERSION = YES;
				GCC_WARN_ABOUT_RETURN_TYPE = YES_ERROR;
				GCC_WARN_UNDECLARED_SELECTOR = YES;
				GCC_WARN_UNINITIALIZED_AUTOS = YES_AGGRESSIVE;
				GCC_WARN_UNUSED_FUNCTION = YES;
				GCC_WARN_UNUSED_VARIABLE = YES;
				IPHONEOS_DEPLOYMENT_TARGET = 11.4;
				MTL_ENABLE_DEBUG_INFO = YES;
				ONLY_ACTIVE_ARCH = YES;
				SDKROOT = iphoneos;
				SWIFT_ACTIVE_COMPILATION_CONDITIONS = DEBUG;
				SWIFT_OPTIMIZATION_LEVEL = "-Onone";
			};
			name = Debug;
		};
		CB5902EB215A12BA0041DA39 /* Release */ = {
			isa = XCBuildConfiguration;
			buildSettings = {
				ALWAYS_SEARCH_USER_PATHS = NO;
				CLANG_ANALYZER_NONNULL = YES;
				CLANG_ANALYZER_NUMBER_OBJECT_CONVERSION = YES_AGGRESSIVE;
				CLANG_CXX_LANGUAGE_STANDARD = "gnu++14";
				CLANG_CXX_LIBRARY = "libc++";
				CLANG_ENABLE_MODULES = YES;
				CLANG_ENABLE_OBJC_ARC = YES;
				CLANG_ENABLE_OBJC_WEAK = YES;
				CLANG_WARN_BLOCK_CAPTURE_AUTORELEASING = YES;
				CLANG_WARN_BOOL_CONVERSION = YES;
				CLANG_WARN_COMMA = YES;
				CLANG_WARN_CONSTANT_CONVERSION = YES;
				CLANG_WARN_DEPRECATED_OBJC_IMPLEMENTATIONS = YES;
				CLANG_WARN_DIRECT_OBJC_ISA_USAGE = YES_ERROR;
				CLANG_WARN_DOCUMENTATION_COMMENTS = YES;
				CLANG_WARN_EMPTY_BODY = YES;
				CLANG_WARN_ENUM_CONVERSION = YES;
				CLANG_WARN_INFINITE_RECURSION = YES;
				CLANG_WARN_INT_CONVERSION = YES;
				CLANG_WARN_NON_LITERAL_NULL_CONVERSION = YES;
				CLANG_WARN_OBJC_IMPLICIT_RETAIN_SELF = YES;
				CLANG_WARN_OBJC_LITERAL_CONVERSION = YES;
				CLANG_WARN_OBJC_ROOT_CLASS = YES_ERROR;
				CLANG_WARN_RANGE_LOOP_ANALYSIS = YES;
				CLANG_WARN_STRICT_PROTOTYPES = YES;
				CLANG_WARN_SUSPICIOUS_MOVE = YES;
				CLANG_WARN_UNGUARDED_AVAILABILITY = YES_AGGRESSIVE;
				CLANG_WARN_UNREACHABLE_CODE = YES;
				CLANG_WARN__DUPLICATE_METHOD_MATCH = YES;
				CODE_SIGN_IDENTITY = "iPhone Developer";
				COPY_PHASE_STRIP = NO;
				DEBUG_INFORMATION_FORMAT = "dwarf-with-dsym";
				ENABLE_NS_ASSERTIONS = NO;
				ENABLE_STRICT_OBJC_MSGSEND = YES;
				GCC_C_LANGUAGE_STANDARD = gnu11;
				GCC_NO_COMMON_BLOCKS = YES;
				GCC_WARN_64_TO_32_BIT_CONVERSION = YES;
				GCC_WARN_ABOUT_RETURN_TYPE = YES_ERROR;
				GCC_WARN_UNDECLARED_SELECTOR = YES;
				GCC_WARN_UNINITIALIZED_AUTOS = YES_AGGRESSIVE;
				GCC_WARN_UNUSED_FUNCTION = YES;
				GCC_WARN_UNUSED_VARIABLE = YES;
				IPHONEOS_DEPLOYMENT_TARGET = 11.4;
				MTL_ENABLE_DEBUG_INFO = NO;
				SDKROOT = iphoneos;
				SWIFT_COMPILATION_MODE = wholemodule;
				SWIFT_OPTIMIZATION_LEVEL = "-O";
				VALIDATE_PRODUCT = YES;
			};
			name = Release;
		};
		CB5902ED215A12BA0041DA39 /* Debug */ = {
			isa = XCBuildConfiguration;
			baseConfigurationReference = C2C5B3D898B033C6E59196B5 /* Pods-MyRxSwift.debug.xcconfig */;
			buildSettings = {
				ASSETCATALOG_COMPILER_APPICON_NAME = AppIcon;
				CODE_SIGN_STYLE = Automatic;
				DEVELOPMENT_TEAM = N25J7WB4F8;
				INFOPLIST_FILE = MyRxSwift/Info.plist;
				LD_RUNPATH_SEARCH_PATHS = "$(inherited) @executable_path/Frameworks";
				PRODUCT_BUNDLE_IDENTIFIER = Drag.MyRxSwift;
				PRODUCT_NAME = "$(TARGET_NAME)";
				SWIFT_VERSION = 4.0;
				TARGETED_DEVICE_FAMILY = "1,2";
			};
			name = Debug;
		};
		CB5902EE215A12BA0041DA39 /* Release */ = {
			isa = XCBuildConfiguration;
			baseConfigurationReference = 151DB66163C2E5B8C62E9F3B /* Pods-MyRxSwift.release.xcconfig */;
			buildSettings = {
				ASSETCATALOG_COMPILER_APPICON_NAME = AppIcon;
				CODE_SIGN_STYLE = Automatic;
				DEVELOPMENT_TEAM = N25J7WB4F8;
				INFOPLIST_FILE = MyRxSwift/Info.plist;
				LD_RUNPATH_SEARCH_PATHS = "$(inherited) @executable_path/Frameworks";
				PRODUCT_BUNDLE_IDENTIFIER = Drag.MyRxSwift;
				PRODUCT_NAME = "$(TARGET_NAME)";
				SWIFT_VERSION = 4.0;
				TARGETED_DEVICE_FAMILY = "1,2";
			};
			name = Release;
		};
/* End XCBuildConfiguration section */

/* Begin XCConfigurationList section */
		CB5902D5215A12B80041DA39 /* Build configuration list for PBXProject "MyRxSwift" */ = {
			isa = XCConfigurationList;
			buildConfigurations = (
				CB5902EA215A12BA0041DA39 /* Debug */,
				CB5902EB215A12BA0041DA39 /* Release */,
			);
			defaultConfigurationIsVisible = 0;
			defaultConfigurationName = Release;
		};
		CB5902EC215A12BA0041DA39 /* Build configuration list for PBXNativeTarget "MyRxSwift" */ = {
			isa = XCConfigurationList;
			buildConfigurations = (
				CB5902ED215A12BA0041DA39 /* Debug */,
				CB5902EE215A12BA0041DA39 /* Release */,
			);
			defaultConfigurationIsVisible = 0;
			defaultConfigurationName = Release;
		};
/* End XCConfigurationList section */
	};
	rootObject = CB5902D2215A12B80041DA39 /* Project object */;
}
